// !$*UTF8*$!
{
	archiveVersion = 1;
	classes = {
	};
	objectVersion = 77;
	objects = {

/* Begin PBXBuildFile section */
		3517C53E2EC6AD670038156F /* SuperwallKit in Frameworks */ = {isa = PBXBuildFile; productRef = 3517C53D2EC6AD670038156F /* SuperwallKit */; };
		3578495F2EAC84C6005A3934 /* FirebaseCore in Frameworks */ = {isa = PBXBuildFile; productRef = 3578495E2EAC84C6005A3934 /* FirebaseCore */; };
		357849612EAC84C6005A3934 /* FirebaseFirestore in Frameworks */ = {isa = PBXBuildFile; productRef = 357849602EAC84C6005A3934 /* FirebaseFirestore */; };
		357849632EAC84C6005A3934 /* FirebaseFunctions in Frameworks */ = {isa = PBXBuildFile; productRef = 357849622EAC84C6005A3934 /* FirebaseFunctions */; };
		357849652EAC89AB005A3934 /* FirebaseAI in Frameworks */ = {isa = PBXBuildFile; productRef = 357849642EAC89AB005A3934 /* FirebaseAI */; };
		357849672EAC89AB005A3934 /* FirebaseAnalytics in Frameworks */ = {isa = PBXBuildFile; productRef = 357849662EAC89AB005A3934 /* FirebaseAnalytics */; };
		357849692EAC89AB005A3934 /* FirebaseAnalyticsCore in Frameworks */ = {isa = PBXBuildFile; productRef = 357849682EAC89AB005A3934 /* FirebaseAnalyticsCore */; };
		3578496B2EAC89AB005A3934 /* FirebaseAnalyticsIdentitySupport in Frameworks */ = {isa = PBXBuildFile; productRef = 3578496A2EAC89AB005A3934 /* FirebaseAnalyticsIdentitySupport */; };
		3578496D2EAC89AB005A3934 /* FirebaseAppCheck in Frameworks */ = {isa = PBXBuildFile; productRef = 3578496C2EAC89AB005A3934 /* FirebaseAppCheck */; };
		3578496F2EAC89AB005A3934 /* FirebaseAppDistribution-Beta in Frameworks */ = {isa = PBXBuildFile; productRef = 3578496E2EAC89AB005A3934 /* FirebaseAppDistribution-Beta */; };
		357849712EAC89AB005A3934 /* FirebaseAuth in Frameworks */ = {isa = PBXBuildFile; productRef = 357849702EAC89AB005A3934 /* FirebaseAuth */; };
		357849732EAC89AB005A3934 /* FirebaseAuthCombine-Community in Frameworks */ = {isa = PBXBuildFile; productRef = 357849722EAC89AB005A3934 /* FirebaseAuthCombine-Community */; };
		357849752EAC89AB005A3934 /* FirebaseCrashlytics in Frameworks */ = {isa = PBXBuildFile; productRef = 357849742EAC89AB005A3934 /* FirebaseCrashlytics */; };
		357849772EAC89AB005A3934 /* FirebaseDatabase in Frameworks */ = {isa = PBXBuildFile; productRef = 357849762EAC89AB005A3934 /* FirebaseDatabase */; };
		357849792EAC89AB005A3934 /* FirebaseFirestoreCombine-Community in Frameworks */ = {isa = PBXBuildFile; productRef = 357849782EAC89AB005A3934 /* FirebaseFirestoreCombine-Community */; };
		3578497B2EAC89AB005A3934 /* FirebaseFunctionsCombine-Community in Frameworks */ = {isa = PBXBuildFile; productRef = 3578497A2EAC89AB005A3934 /* FirebaseFunctionsCombine-Community */; };
		3578497D2EAC89AB005A3934 /* FirebaseInAppMessaging-Beta in Frameworks */ = {isa = PBXBuildFile; productRef = 3578497C2EAC89AB005A3934 /* FirebaseInAppMessaging-Beta */; };
		3578497F2EAC89AB005A3934 /* FirebaseInstallations in Frameworks */ = {isa = PBXBuildFile; productRef = 3578497E2EAC89AB005A3934 /* FirebaseInstallations */; };
		357849812EAC89AB005A3934 /* FirebaseMLModelDownloader in Frameworks */ = {isa = PBXBuildFile; productRef = 357849802EAC89AB005A3934 /* FirebaseMLModelDownloader */; };
		357849832EAC89AB005A3934 /* FirebaseMessaging in Frameworks */ = {isa = PBXBuildFile; productRef = 357849822EAC89AB005A3934 /* FirebaseMessaging */; };
		357849852EAC89AB005A3934 /* FirebasePerformance in Frameworks */ = {isa = PBXBuildFile; productRef = 357849842EAC89AB005A3934 /* FirebasePerformance */; };
		357849872EAC89AB005A3934 /* FirebaseRemoteConfig in Frameworks */ = {isa = PBXBuildFile; productRef = 357849862EAC89AB005A3934 /* FirebaseRemoteConfig */; };
		357849892EAC89AB005A3934 /* FirebaseStorage in Frameworks */ = {isa = PBXBuildFile; productRef = 357849882EAC89AB005A3934 /* FirebaseStorage */; };
		3578498B2EAC89AB005A3934 /* FirebaseStorageCombine-Community in Frameworks */ = {isa = PBXBuildFile; productRef = 3578498A2EAC89AB005A3934 /* FirebaseStorageCombine-Community */; };
		35A1B2C3D4E5F6789012345 /* ComponentsKit in Frameworks */ = {isa = PBXBuildFile; productRef = 35A1B2C3D4E5F6789012346 /* ComponentsKit */; };
/* End PBXBuildFile section */

/* Begin PBXContainerItemProxy section */
		3549F84C2EA49FF000AADFB0 /* PBXContainerItemProxy */ = {
			isa = PBXContainerItemProxy;
			containerPortal = 3549F8362EA49FED00AADFB0 /* Project object */;
			proxyType = 1;
			remoteGlobalIDString = 3549F83D2EA49FED00AADFB0;
			remoteInfo = Crowd;
		};
		3549F8562EA49FF000AADFB0 /* PBXContainerItemProxy */ = {
			isa = PBXContainerItemProxy;
			containerPortal = 3549F8362EA49FED00AADFB0 /* Project object */;
			proxyType = 1;
			remoteGlobalIDString = 3549F83D2EA49FED00AADFB0;
			remoteInfo = Crowd;
		};
/* End PBXContainerItemProxy section */

/* Begin PBXFileReference section */
		3510D0D52EADE7F800017CE9 /* HeatmapShaders.metal.metallib */ = {isa = PBXFileReference; explicitFileType = "archive.metal-library"; includeInIndex = 0; path = HeatmapShaders.metal.metallib; sourceTree = BUILT_PRODUCTS_DIR; };
		3549F83E2EA49FED00AADFB0 /* Crowd.app */ = {isa = PBXFileReference; explicitFileType = wrapper.application; includeInIndex = 0; path = Crowd.app; sourceTree = BUILT_PRODUCTS_DIR; };
		3549F84B2EA49FF000AADFB0 /* CrowdTests.xctest */ = {isa = PBXFileReference; explicitFileType = wrapper.cfbundle; includeInIndex = 0; path = CrowdTests.xctest; sourceTree = BUILT_PRODUCTS_DIR; };
		3549F8552EA49FF000AADFB0 /* CrowdUITests.xctest */ = {isa = PBXFileReference; explicitFileType = wrapper.cfbundle; includeInIndex = 0; path = CrowdUITests.xctest; sourceTree = BUILT_PRODUCTS_DIR; };
/* End PBXFileReference section */

/* Begin PBXFileSystemSynchronizedBuildFileExceptionSet section */
		3510D0DE2EADE84000017CE9 /* Exceptions for "Crowd" folder in "HeatmapShaders.metal" target */ = {
			isa = PBXFileSystemSynchronizedBuildFileExceptionSet;
			membershipExceptions = (
				Shaders/HeatmapShaders.metal,
			);
			target = 3510D0D42EADE7F800017CE9 /* HeatmapShaders.metal */;
		};
/* End PBXFileSystemSynchronizedBuildFileExceptionSet section */

/* Begin PBXFileSystemSynchronizedRootGroup section */
		3549F8402EA49FED00AADFB0 /* Crowd */ = {
			isa = PBXFileSystemSynchronizedRootGroup;
			exceptions = (
				3510D0DE2EADE84000017CE9 /* Exceptions for "Crowd" folder in "HeatmapShaders.metal" target */,
			);
			path = Crowd;
			sourceTree = "<group>";
		};
/* End PBXFileSystemSynchronizedRootGroup section */

/* Begin PBXFrameworksBuildPhase section */
		3549F83B2EA49FED00AADFB0 /* Frameworks */ = {
			isa = PBXFrameworksBuildPhase;
			buildActionMask = 2147483647;
			files = (
				357849772EAC89AB005A3934 /* FirebaseDatabase in Frameworks */,
				3578496D2EAC89AB005A3934 /* FirebaseAppCheck in Frameworks */,
				357849852EAC89AB005A3934 /* FirebasePerformance in Frameworks */,
				3578498B2EAC89AB005A3934 /* FirebaseStorageCombine-Community in Frameworks */,
				357849872EAC89AB005A3934 /* FirebaseRemoteConfig in Frameworks */,
				357849712EAC89AB005A3934 /* FirebaseAuth in Frameworks */,
				357849632EAC84C6005A3934 /* FirebaseFunctions in Frameworks */,
				357849692EAC89AB005A3934 /* FirebaseAnalyticsCore in Frameworks */,
				357849652EAC89AB005A3934 /* FirebaseAI in Frameworks */,
				3578496B2EAC89AB005A3934 /* FirebaseAnalyticsIdentitySupport in Frameworks */,
				357849732EAC89AB005A3934 /* FirebaseAuthCombine-Community in Frameworks */,
				3517C53E2EC6AD670038156F /* SuperwallKit in Frameworks */,
				357849832EAC89AB005A3934 /* FirebaseMessaging in Frameworks */,
				3578497F2EAC89AB005A3934 /* FirebaseInstallations in Frameworks */,
				3578497B2EAC89AB005A3934 /* FirebaseFunctionsCombine-Community in Frameworks */,
				3578495F2EAC84C6005A3934 /* FirebaseCore in Frameworks */,
				357849672EAC89AB005A3934 /* FirebaseAnalytics in Frameworks */,
				3578497D2EAC89AB005A3934 /* FirebaseInAppMessaging-Beta in Frameworks */,
				357849752EAC89AB005A3934 /* FirebaseCrashlytics in Frameworks */,
				357849612EAC84C6005A3934 /* FirebaseFirestore in Frameworks */,
				357849812EAC89AB005A3934 /* FirebaseMLModelDownloader in Frameworks */,
				357849892EAC89AB005A3934 /* FirebaseStorage in Frameworks */,
				3578496F2EAC89AB005A3934 /* FirebaseAppDistribution-Beta in Frameworks */,
				357849792EAC89AB005A3934 /* FirebaseFirestoreCombine-Community in Frameworks */,
				35A1B2C3D4E5F6789012345 /* ComponentsKit in Frameworks */,
			);
			runOnlyForDeploymentPostprocessing = 0;
		};
		3549F8482EA49FF000AADFB0 /* Frameworks */ = {
			isa = PBXFrameworksBuildPhase;
			buildActionMask = 2147483647;
			files = (
			);
			runOnlyForDeploymentPostprocessing = 0;
		};
		3549F8522EA49FF000AADFB0 /* Frameworks */ = {
			isa = PBXFrameworksBuildPhase;
			buildActionMask = 2147483647;
			files = (
			);
			runOnlyForDeploymentPostprocessing = 0;
		};
/* End PBXFrameworksBuildPhase section */

/* Begin PBXGroup section */
		3549F8352EA49FED00AADFB0 = {
			isa = PBXGroup;
			children = (
				3549F8402EA49FED00AADFB0 /* Crowd */,
				3549F83F2EA49FED00AADFB0 /* Products */,
			);
			sourceTree = "<group>";
		};
		3549F83F2EA49FED00AADFB0 /* Products */ = {
			isa = PBXGroup;
			children = (
				3549F83E2EA49FED00AADFB0 /* Crowd.app */,
				3549F84B2EA49FF000AADFB0 /* CrowdTests.xctest */,
				3549F8552EA49FF000AADFB0 /* CrowdUITests.xctest */,
				3510D0D52EADE7F800017CE9 /* HeatmapShaders.metal.metallib */,
			);
			name = Products;
			sourceTree = "<group>";
		};
/* End PBXGroup section */

/* Begin PBXNativeTarget section */
		3510D0D42EADE7F800017CE9 /* HeatmapShaders.metal */ = {
			isa = PBXNativeTarget;
			buildConfigurationList = 3510D0D92EADE7F800017CE9 /* Build configuration list for PBXNativeTarget "HeatmapShaders.metal" */;
			buildPhases = (
				3510D0D32EADE7F800017CE9 /* Sources */,
			);
			buildRules = (
			);
			dependencies = (
			);
			name = HeatmapShaders.metal;
			packageProductDependencies = (
			);
			productName = HeatmapShaders.metal;
			productReference = 3510D0D52EADE7F800017CE9 /* HeatmapShaders.metal.metallib */;
			productType = "com.apple.product-type.metal-library";
		};
		3549F83D2EA49FED00AADFB0 /* Crowd */ = {
			isa = PBXNativeTarget;
			buildConfigurationList = 3549F85F2EA49FF000AADFB0 /* Build configuration list for PBXNativeTarget "Crowd" */;
			buildPhases = (
				3549F83A2EA49FED00AADFB0 /* Sources */,
				3549F83B2EA49FED00AADFB0 /* Frameworks */,
				3549F83C2EA49FED00AADFB0 /* Resources */,
			);
			buildRules = (
			);
			dependencies = (
			);
			fileSystemSynchronizedGroups = (
				3549F8402EA49FED00AADFB0 /* Crowd */,
			);
			name = Crowd;
			packageProductDependencies = (
				3578495E2EAC84C6005A3934 /* FirebaseCore */,
				357849602EAC84C6005A3934 /* FirebaseFirestore */,
				357849622EAC84C6005A3934 /* FirebaseFunctions */,
				357849642EAC89AB005A3934 /* FirebaseAI */,
				357849662EAC89AB005A3934 /* FirebaseAnalytics */,
				357849682EAC89AB005A3934 /* FirebaseAnalyticsCore */,
				3578496A2EAC89AB005A3934 /* FirebaseAnalyticsIdentitySupport */,
				3578496C2EAC89AB005A3934 /* FirebaseAppCheck */,
				3578496E2EAC89AB005A3934 /* FirebaseAppDistribution-Beta */,
				357849702EAC89AB005A3934 /* FirebaseAuth */,
				357849722EAC89AB005A3934 /* FirebaseAuthCombine-Community */,
				357849742EAC89AB005A3934 /* FirebaseCrashlytics */,
				357849762EAC89AB005A3934 /* FirebaseDatabase */,
				357849782EAC89AB005A3934 /* FirebaseFirestoreCombine-Community */,
				3578497A2EAC89AB005A3934 /* FirebaseFunctionsCombine-Community */,
				3578497C2EAC89AB005A3934 /* FirebaseInAppMessaging-Beta */,
				3578497E2EAC89AB005A3934 /* FirebaseInstallations */,
				357849802EAC89AB005A3934 /* FirebaseMLModelDownloader */,
				357849822EAC89AB005A3934 /* FirebaseMessaging */,
				357849842EAC89AB005A3934 /* FirebasePerformance */,
				357849862EAC89AB005A3934 /* FirebaseRemoteConfig */,
				357849882EAC89AB005A3934 /* FirebaseStorage */,
				3578498A2EAC89AB005A3934 /* FirebaseStorageCombine-Community */,
				3517C53D2EC6AD670038156F /* SuperwallKit */,
				35A1B2C3D4E5F6789012346 /* ComponentsKit */,
			);
			productName = Crowd;
			productReference = 3549F83E2EA49FED00AADFB0 /* Crowd.app */;
			productType = "com.apple.product-type.application";
		};
		3549F84A2EA49FF000AADFB0 /* CrowdTests */ = {
			isa = PBXNativeTarget;
			buildConfigurationList = 3549F8622EA49FF000AADFB0 /* Build configuration list for PBXNativeTarget "CrowdTests" */;
			buildPhases = (
				3549F8472EA49FF000AADFB0 /* Sources */,
				3549F8482EA49FF000AADFB0 /* Frameworks */,
				3549F8492EA49FF000AADFB0 /* Resources */,
			);
			buildRules = (
			);
			dependencies = (
				3549F84D2EA49FF000AADFB0 /* PBXTargetDependency */,
			);
			name = CrowdTests;
			packageProductDependencies = (
			);
			productName = CrowdTests;
			productReference = 3549F84B2EA49FF000AADFB0 /* CrowdTests.xctest */;
			productType = "com.apple.product-type.bundle.unit-test";
		};
		3549F8542EA49FF000AADFB0 /* CrowdUITests */ = {
			isa = PBXNativeTarget;
			buildConfigurationList = 3549F8652EA49FF000AADFB0 /* Build configuration list for PBXNativeTarget "CrowdUITests" */;
			buildPhases = (
				3549F8512EA49FF000AADFB0 /* Sources */,
				3549F8522EA49FF000AADFB0 /* Frameworks */,
				3549F8532EA49FF000AADFB0 /* Resources */,
			);
			buildRules = (
			);
			dependencies = (
				3549F8572EA49FF000AADFB0 /* PBXTargetDependency */,
			);
			name = CrowdUITests;
			packageProductDependencies = (
			);
			productName = CrowdUITests;
			productReference = 3549F8552EA49FF000AADFB0 /* CrowdUITests.xctest */;
			productType = "com.apple.product-type.bundle.ui-testing";
		};
/* End PBXNativeTarget section */

/* Begin PBXProject section */
		3549F8362EA49FED00AADFB0 /* Project object */ = {
			isa = PBXProject;
			attributes = {
				BuildIndependentTargetsInParallel = 1;
				LastSwiftUpdateCheck = 2600;
				LastUpgradeCheck = 2600;
				TargetAttributes = {
					3510D0D42EADE7F800017CE9 = {
						CreatedOnToolsVersion = 26.0.1;
					};
					3549F83D2EA49FED00AADFB0 = {
						CreatedOnToolsVersion = 26.0.1;
					};
					3549F84A2EA49FF000AADFB0 = {
						CreatedOnToolsVersion = 26.0.1;
						TestTargetID = 3549F83D2EA49FED00AADFB0;
					};
					3549F8542EA49FF000AADFB0 = {
						CreatedOnToolsVersion = 26.0.1;
						TestTargetID = 3549F83D2EA49FED00AADFB0;
					};
				};
			};
			buildConfigurationList = 3549F8392EA49FED00AADFB0 /* Build configuration list for PBXProject "Crowd" */;
			developmentRegion = en;
			hasScannedForEncodings = 0;
			knownRegions = (
				en,
				Base,
			);
			mainGroup = 3549F8352EA49FED00AADFB0;
			minimizedProjectReferenceProxies = 1;
			packageReferences = (
				3578495D2EAC84C6005A3934 /* XCRemoteSwiftPackageReference "firebase-ios-sdk" */,
				3517C53C2EC6AD670038156F /* XCRemoteSwiftPackageReference "Superwall-iOS" */,
				35A1B2C3D4E5F6789012347 /* XCRemoteSwiftPackageReference "ComponentsKit" */,
			);
			preferredProjectObjectVersion = 77;
			productRefGroup = 3549F83F2EA49FED00AADFB0 /* Products */;
			projectDirPath = "";
			projectRoot = "";
			targets = (
				3549F83D2EA49FED00AADFB0 /* Crowd */,
				3549F84A2EA49FF000AADFB0 /* CrowdTests */,
				3549F8542EA49FF000AADFB0 /* CrowdUITests */,
				3510D0D42EADE7F800017CE9 /* HeatmapShaders.metal */,
			);
		};
/* End PBXProject section */

/* Begin PBXResourcesBuildPhase section */
		3549F83C2EA49FED00AADFB0 /* Resources */ = {
			isa = PBXResourcesBuildPhase;
			buildActionMask = 2147483647;
			files = (
			);
			runOnlyForDeploymentPostprocessing = 0;
		};
		3549F8492EA49FF000AADFB0 /* Resources */ = {
			isa = PBXResourcesBuildPhase;
			buildActionMask = 2147483647;
			files = (
			);
			runOnlyForDeploymentPostprocessing = 0;
		};
		3549F8532EA49FF000AADFB0 /* Resources */ = {
			isa = PBXResourcesBuildPhase;
			buildActionMask = 2147483647;
			files = (
			);
			runOnlyForDeploymentPostprocessing = 0;
		};
/* End PBXResourcesBuildPhase section */

/* Begin PBXSourcesBuildPhase section */
		3510D0D32EADE7F800017CE9 /* Sources */ = {
			isa = PBXSourcesBuildPhase;
			buildActionMask = 2147483647;
			files = (
			);
			runOnlyForDeploymentPostprocessing = 0;
		};
		3549F83A2EA49FED00AADFB0 /* Sources */ = {
			isa = PBXSourcesBuildPhase;
			buildActionMask = 2147483647;
			files = (
			);
			runOnlyForDeploymentPostprocessing = 0;
		};
		3549F8472EA49FF000AADFB0 /* Sources */ = {
			isa = PBXSourcesBuildPhase;
			buildActionMask = 2147483647;
			files = (
			);
			runOnlyForDeploymentPostprocessing = 0;
		};
		3549F8512EA49FF000AADFB0 /* Sources */ = {
			isa = PBXSourcesBuildPhase;
			buildActionMask = 2147483647;
			files = (
			);
			runOnlyForDeploymentPostprocessing = 0;
		};
/* End PBXSourcesBuildPhase section */

/* Begin PBXTargetDependency section */
		3549F84D2EA49FF000AADFB0 /* PBXTargetDependency */ = {
			isa = PBXTargetDependency;
			target = 3549F83D2EA49FED00AADFB0 /* Crowd */;
			targetProxy = 3549F84C2EA49FF000AADFB0 /* PBXContainerItemProxy */;
		};
		3549F8572EA49FF000AADFB0 /* PBXTargetDependency */ = {
			isa = PBXTargetDependency;
			target = 3549F83D2EA49FED00AADFB0 /* Crowd */;
			targetProxy = 3549F8562EA49FF000AADFB0 /* PBXContainerItemProxy */;
		};
/* End PBXTargetDependency section */

/* Begin XCBuildConfiguration section */
		3510D0DA2EADE7F800017CE9 /* Debug */ = {
			isa = XCBuildConfiguration;
			buildSettings = {
				CODE_SIGN_STYLE = Automatic;
				DEVELOPMENT_TEAM = 8254DAMG44;
				PRODUCT_NAME = "$(TARGET_NAME)";
				VERSIONING_SYSTEM = "";
			};
			name = Debug;
		};
		3510D0DB2EADE7F800017CE9 /* Release */ = {
			isa = XCBuildConfiguration;
			buildSettings = {
				CODE_SIGN_STYLE = Automatic;
				DEVELOPMENT_TEAM = 8254DAMG44;
				PRODUCT_NAME = "$(TARGET_NAME)";
				VERSIONING_SYSTEM = "";
			};
			name = Release;
		};
		3549F85D2EA49FF000AADFB0 /* Debug */ = {
			isa = XCBuildConfiguration;
			buildSettings = {
				ALWAYS_SEARCH_USER_PATHS = NO;
				ASSETCATALOG_COMPILER_GENERATE_SWIFT_ASSET_SYMBOL_EXTENSIONS = YES;
				CLANG_ANALYZER_NONNULL = YES;
				CLANG_ANALYZER_NUMBER_OBJECT_CONVERSION = YES_AGGRESSIVE;
				CLANG_CXX_LANGUAGE_STANDARD = "gnu++20";
				CLANG_ENABLE_MODULES = YES;
				CLANG_ENABLE_OBJC_ARC = YES;
				CLANG_ENABLE_OBJC_WEAK = YES;
				CLANG_WARN_BLOCK_CAPTURE_AUTORELEASING = YES;
				CLANG_WARN_BOOL_CONVERSION = YES;
				CLANG_WARN_COMMA = YES;
				CLANG_WARN_CONSTANT_CONVERSION = YES;
				CLANG_WARN_DEPRECATED_OBJC_IMPLEMENTATIONS = YES;
				CLANG_WARN_DIRECT_OBJC_ISA_USAGE = YES_ERROR;
				CLANG_WARN_DOCUMENTATION_COMMENTS = YES;
				CLANG_WARN_EMPTY_BODY = YES;
				CLANG_WARN_ENUM_CONVERSION = YES;
				CLANG_WARN_INFINITE_RECURSION = YES;
				CLANG_WARN_INT_CONVERSION = YES;
				CLANG_WARN_NON_LITERAL_NULL_CONVERSION = YES;
				CLANG_WARN_OBJC_IMPLICIT_RETAIN_SELF = YES;
				CLANG_WARN_OBJC_LITERAL_CONVERSION = YES;
				CLANG_WARN_OBJC_ROOT_CLASS = YES_ERROR;
				CLANG_WARN_QUOTED_INCLUDE_IN_FRAMEWORK_HEADER = YES;
				CLANG_WARN_RANGE_LOOP_ANALYSIS = YES;
				CLANG_WARN_STRICT_PROTOTYPES = YES;
				CLANG_WARN_SUSPICIOUS_MOVE = YES;
				CLANG_WARN_UNGUARDED_AVAILABILITY = YES_AGGRESSIVE;
				CLANG_WARN_UNREACHABLE_CODE = YES;
				CLANG_WARN__DUPLICATE_METHOD_MATCH = YES;
				COPY_PHASE_STRIP = NO;
				DEBUG_INFORMATION_FORMAT = dwarf;
				DEVELOPMENT_TEAM = 8254DAMG44;
				ENABLE_STRICT_OBJC_MSGSEND = YES;
				ENABLE_TESTABILITY = YES;
				ENABLE_USER_SCRIPT_SANDBOXING = YES;
				GCC_C_LANGUAGE_STANDARD = gnu17;
				GCC_DYNAMIC_NO_PIC = NO;
				GCC_NO_COMMON_BLOCKS = YES;
				GCC_OPTIMIZATION_LEVEL = 0;
				GCC_PREPROCESSOR_DEFINITIONS = (
					"DEBUG=1",
					"$(inherited)",
				);
				GCC_WARN_64_TO_32_BIT_CONVERSION = YES;
				GCC_WARN_ABOUT_RETURN_TYPE = YES_ERROR;
				GCC_WARN_UNDECLARED_SELECTOR = YES;
				GCC_WARN_UNINITIALIZED_AUTOS = YES_AGGRESSIVE;
				GCC_WARN_UNUSED_FUNCTION = YES;
				GCC_WARN_UNUSED_VARIABLE = YES;
				IPHONEOS_DEPLOYMENT_TARGET = 26.0;
				LOCALIZATION_PREFERS_STRING_CATALOGS = YES;
				MTL_ENABLE_DEBUG_INFO = INCLUDE_SOURCE;
				MTL_FAST_MATH = YES;
				ONLY_ACTIVE_ARCH = YES;
				SDKROOT = iphoneos;
				SWIFT_ACTIVE_COMPILATION_CONDITIONS = "DEBUG $(inherited)";
				SWIFT_OPTIMIZATION_LEVEL = "-Onone";
			};
			name = Debug;
		};
		3549F85E2EA49FF000AADFB0 /* Release */ = {
			isa = XCBuildConfiguration;
			buildSettings = {
				ALWAYS_SEARCH_USER_PATHS = NO;
				ASSETCATALOG_COMPILER_GENERATE_SWIFT_ASSET_SYMBOL_EXTENSIONS = YES;
				CLANG_ANALYZER_NONNULL = YES;
				CLANG_ANALYZER_NUMBER_OBJECT_CONVERSION = YES_AGGRESSIVE;
				CLANG_CXX_LANGUAGE_STANDARD = "gnu++20";
				CLANG_ENABLE_MODULES = YES;
				CLANG_ENABLE_OBJC_ARC = YES;
				CLANG_ENABLE_OBJC_WEAK = YES;
				CLANG_WARN_BLOCK_CAPTURE_AUTORELEASING = YES;
				CLANG_WARN_BOOL_CONVERSION = YES;
				CLANG_WARN_COMMA = YES;
				CLANG_WARN_CONSTANT_CONVERSION = YES;
				CLANG_WARN_DEPRECATED_OBJC_IMPLEMENTATIONS = YES;
				CLANG_WARN_DIRECT_OBJC_ISA_USAGE = YES_ERROR;
				CLANG_WARN_DOCUMENTATION_COMMENTS = YES;
				CLANG_WARN_EMPTY_BODY = YES;
				CLANG_WARN_ENUM_CONVERSION = YES;
				CLANG_WARN_INFINITE_RECURSION = YES;
				CLANG_WARN_INT_CONVERSION = YES;
				CLANG_WARN_NON_LITERAL_NULL_CONVERSION = YES;
				CLANG_WARN_OBJC_IMPLICIT_RETAIN_SELF = YES;
				CLANG_WARN_OBJC_LITERAL_CONVERSION = YES;
				CLANG_WARN_OBJC_ROOT_CLASS = YES_ERROR;
				CLANG_WARN_QUOTED_INCLUDE_IN_FRAMEWORK_HEADER = YES;
				CLANG_WARN_RANGE_LOOP_ANALYSIS = YES;
				CLANG_WARN_STRICT_PROTOTYPES = YES;
				CLANG_WARN_SUSPICIOUS_MOVE = YES;
				CLANG_WARN_UNGUARDED_AVAILABILITY = YES_AGGRESSIVE;
				CLANG_WARN_UNREACHABLE_CODE = YES;
				CLANG_WARN__DUPLICATE_METHOD_MATCH = YES;
				COPY_PHASE_STRIP = NO;
				DEBUG_INFORMATION_FORMAT = "dwarf-with-dsym";
				DEVELOPMENT_TEAM = 8254DAMG44;
				ENABLE_NS_ASSERTIONS = NO;
				ENABLE_STRICT_OBJC_MSGSEND = YES;
				ENABLE_USER_SCRIPT_SANDBOXING = YES;
				GCC_C_LANGUAGE_STANDARD = gnu17;
				GCC_NO_COMMON_BLOCKS = YES;
				GCC_WARN_64_TO_32_BIT_CONVERSION = YES;
				GCC_WARN_ABOUT_RETURN_TYPE = YES_ERROR;
				GCC_WARN_UNDECLARED_SELECTOR = YES;
				GCC_WARN_UNINITIALIZED_AUTOS = YES_AGGRESSIVE;
				GCC_WARN_UNUSED_FUNCTION = YES;
				GCC_WARN_UNUSED_VARIABLE = YES;
				IPHONEOS_DEPLOYMENT_TARGET = 26.0;
				LOCALIZATION_PREFERS_STRING_CATALOGS = YES;
				MTL_ENABLE_DEBUG_INFO = NO;
				MTL_FAST_MATH = YES;
				SDKROOT = iphoneos;
				SWIFT_COMPILATION_MODE = wholemodule;
				VALIDATE_PRODUCT = YES;
			};
			name = Release;
		};
		3549F8602EA49FF000AADFB0 /* Debug */ = {
			isa = XCBuildConfiguration;
			buildSettings = {
				ASSETCATALOG_COMPILER_APPICON_NAME = AppIcon;
				ASSETCATALOG_COMPILER_GLOBAL_ACCENT_COLOR_NAME = AccentColor;
				CODE_SIGN_ENTITLEMENTS = Crowd/Crowd.entitlements;
				CODE_SIGN_STYLE = Automatic;
				CURRENT_PROJECT_VERSION = 1;
				DEVELOPMENT_TEAM = 8254DAMG44;
				ENABLE_PREVIEWS = YES;
				GENERATE_INFOPLIST_FILE = YES;
				INFOPLIST_KEY_NSLocationAlwaysAndWhenInUseUsageDescription = "Crowd needs access to your location to show you nearby events and help you discover what's happening around campus, even when the app is in the background.";
				INFOPLIST_KEY_NSLocationWhenInUseUsageDescription = "Crowd needs access to your location to show you nearby events and help you discover what's happening around campus.";
				INFOPLIST_KEY_UIApplicationSceneManifest_Generation = YES;
				INFOPLIST_KEY_UIApplicationSupportsIndirectInputEvents = YES;
				INFOPLIST_KEY_UILaunchScreen_Generation = YES;
				INFOPLIST_KEY_UISupportedInterfaceOrientations_iPad = "UIInterfaceOrientationPortrait UIInterfaceOrientationPortraitUpsideDown UIInterfaceOrientationLandscapeLeft UIInterfaceOrientationLandscapeRight";
				INFOPLIST_KEY_UISupportedInterfaceOrientations_iPhone = "UIInterfaceOrientationPortrait UIInterfaceOrientationLandscapeLeft UIInterfaceOrientationLandscapeRight";
				INFOPLIST_KEY_aps_environment = development;
				IPHONEOS_DEPLOYMENT_TARGET = 17.0;
				LD_RUNPATH_SEARCH_PATHS = (
					"$(inherited)",
					"@executable_path/Frameworks",
				);
				MARKETING_VERSION = 1.2;
				PRODUCT_BUNDLE_IDENTIFIER = Teniola.Crowd;
				PRODUCT_NAME = "$(TARGET_NAME)";
				STRING_CATALOG_GENERATE_SYMBOLS = YES;
				SWIFT_APPROACHABLE_CONCURRENCY = YES;
				SWIFT_DEFAULT_ACTOR_ISOLATION = MainActor;
				SWIFT_EMIT_LOC_STRINGS = YES;
				SWIFT_UPCOMING_FEATURE_MEMBER_IMPORT_VISIBILITY = YES;
				SWIFT_VERSION = 5.0;
				TARGETED_DEVICE_FAMILY = "1,2";
			};
			name = Debug;
		};
		3549F8612EA49FF000AADFB0 /* Release */ = {
			isa = XCBuildConfiguration;
			buildSettings = {
				ASSETCATALOG_COMPILER_APPICON_NAME = AppIcon;
				ASSETCATALOG_COMPILER_GLOBAL_ACCENT_COLOR_NAME = AccentColor;
				CODE_SIGN_ENTITLEMENTS = Crowd/Crowd.entitlements;
				CODE_SIGN_STYLE = Automatic;
				CURRENT_PROJECT_VERSION = 1;
				DEVELOPMENT_TEAM = 8254DAMG44;
				ENABLE_PREVIEWS = YES;
				GENERATE_INFOPLIST_FILE = YES;
				INFOPLIST_KEY_NSLocationAlwaysAndWhenInUseUsageDescription = "Crowd needs access to your location to show you nearby events and help you discover what's happening around campus, even when the app is in the background.";
				INFOPLIST_KEY_NSLocationWhenInUseUsageDescription = "Crowd needs access to your location to show you nearby events and help you discover what's happening around campus.";
				INFOPLIST_KEY_UIApplicationSceneManifest_Generation = YES;
				INFOPLIST_KEY_UIApplicationSupportsIndirectInputEvents = YES;
				INFOPLIST_KEY_UILaunchScreen_Generation = YES;
				INFOPLIST_KEY_UISupportedInterfaceOrientations_iPad = "UIInterfaceOrientationPortrait UIInterfaceOrientationPortraitUpsideDown UIInterfaceOrientationLandscapeLeft UIInterfaceOrientationLandscapeRight";
				INFOPLIST_KEY_UISupportedInterfaceOrientations_iPhone = "UIInterfaceOrientationPortrait UIInterfaceOrientationLandscapeLeft UIInterfaceOrientationLandscapeRight";
				INFOPLIST_KEY_aps_environment = development;
				IPHONEOS_DEPLOYMENT_TARGET = 17.0;
				LD_RUNPATH_SEARCH_PATHS = (
					"$(inherited)",
					"@executable_path/Frameworks",
				);
				MARKETING_VERSION = 1.2;
				PRODUCT_BUNDLE_IDENTIFIER = Teniola.Crowd;
				PRODUCT_NAME = "$(TARGET_NAME)";
				STRING_CATALOG_GENERATE_SYMBOLS = YES;
				SWIFT_APPROACHABLE_CONCURRENCY = YES;
				SWIFT_DEFAULT_ACTOR_ISOLATION = MainActor;
				SWIFT_EMIT_LOC_STRINGS = YES;
				SWIFT_UPCOMING_FEATURE_MEMBER_IMPORT_VISIBILITY = YES;
				SWIFT_VERSION = 5.0;
				TARGETED_DEVICE_FAMILY = "1,2";
			};
			name = Release;
		};
		3549F8632EA49FF000AADFB0 /* Debug */ = {
			isa = XCBuildConfiguration;
			buildSettings = {
				BUNDLE_LOADER = "$(TEST_HOST)";
				CODE_SIGN_STYLE = Automatic;
				CURRENT_PROJECT_VERSION = 1;
				DEVELOPMENT_TEAM = 8254DAMG44;
				GENERATE_INFOPLIST_FILE = YES;
				IPHONEOS_DEPLOYMENT_TARGET = 26.0;
				MARKETING_VERSION = 1.2;
				PRODUCT_BUNDLE_IDENTIFIER = Teniola.CrowdTests;
				PRODUCT_NAME = "$(TARGET_NAME)";
				STRING_CATALOG_GENERATE_SYMBOLS = NO;
				SWIFT_APPROACHABLE_CONCURRENCY = YES;
				SWIFT_EMIT_LOC_STRINGS = NO;
				SWIFT_UPCOMING_FEATURE_MEMBER_IMPORT_VISIBILITY = YES;
				SWIFT_VERSION = 5.0;
				TARGETED_DEVICE_FAMILY = "1,2";
				TEST_HOST = "$(BUILT_PRODUCTS_DIR)/Crowd.app/$(BUNDLE_EXECUTABLE_FOLDER_PATH)/Crowd";
			};
			name = Debug;
		};
		3549F8642EA49FF000AADFB0 /* Release */ = {
			isa = XCBuildConfiguration;
			buildSettings = {
				BUNDLE_LOADER = "$(TEST_HOST)";
				CODE_SIGN_STYLE = Automatic;
				CURRENT_PROJECT_VERSION = 1;
				DEVELOPMENT_TEAM = 8254DAMG44;
				GENERATE_INFOPLIST_FILE = YES;
				IPHONEOS_DEPLOYMENT_TARGET = 26.0;
				MARKETING_VERSION = 1.2;
				PRODUCT_BUNDLE_IDENTIFIER = Teniola.CrowdTests;
				PRODUCT_NAME = "$(TARGET_NAME)";
				STRING_CATALOG_GENERATE_SYMBOLS = NO;
				SWIFT_APPROACHABLE_CONCURRENCY = YES;
				SWIFT_EMIT_LOC_STRINGS = NO;
				SWIFT_UPCOMING_FEATURE_MEMBER_IMPORT_VISIBILITY = YES;
				SWIFT_VERSION = 5.0;
				TARGETED_DEVICE_FAMILY = "1,2";
				TEST_HOST = "$(BUILT_PRODUCTS_DIR)/Crowd.app/$(BUNDLE_EXECUTABLE_FOLDER_PATH)/Crowd";
			};
			name = Release;
		};
		3549F8662EA49FF000AADFB0 /* Debug */ = {
			isa = XCBuildConfiguration;
			buildSettings = {
				CODE_SIGN_STYLE = Automatic;
				CURRENT_PROJECT_VERSION = 1;
				DEVELOPMENT_TEAM = 8254DAMG44;
				GENERATE_INFOPLIST_FILE = YES;
				MARKETING_VERSION = 1.2;
				PRODUCT_BUNDLE_IDENTIFIER = Teniola.CrowdUITests;
				PRODUCT_NAME = "$(TARGET_NAME)";
				STRING_CATALOG_GENERATE_SYMBOLS = NO;
				SWIFT_APPROACHABLE_CONCURRENCY = YES;
				SWIFT_EMIT_LOC_STRINGS = NO;
				SWIFT_UPCOMING_FEATURE_MEMBER_IMPORT_VISIBILITY = YES;
				SWIFT_VERSION = 5.0;
				TARGETED_DEVICE_FAMILY = "1,2";
				TEST_TARGET_NAME = Crowd;
			};
			name = Debug;
		};
		3549F8672EA49FF000AADFB0 /* Release */ = {
			isa = XCBuildConfiguration;
			buildSettings = {
				CODE_SIGN_STYLE = Automatic;
				CURRENT_PROJECT_VERSION = 1;
				DEVELOPMENT_TEAM = 8254DAMG44;
				GENERATE_INFOPLIST_FILE = YES;
				MARKETING_VERSION = 1.2;
				PRODUCT_BUNDLE_IDENTIFIER = Teniola.CrowdUITests;
				PRODUCT_NAME = "$(TARGET_NAME)";
				STRING_CATALOG_GENERATE_SYMBOLS = NO;
				SWIFT_APPROACHABLE_CONCURRENCY = YES;
				SWIFT_EMIT_LOC_STRINGS = NO;
				SWIFT_UPCOMING_FEATURE_MEMBER_IMPORT_VISIBILITY = YES;
				SWIFT_VERSION = 5.0;
				TARGETED_DEVICE_FAMILY = "1,2";
				TEST_TARGET_NAME = Crowd;
			};
			name = Release;
		};
/* End XCBuildConfiguration section */

/* Begin XCConfigurationList section */
		3510D0D92EADE7F800017CE9 /* Build configuration list for PBXNativeTarget "HeatmapShaders.metal" */ = {
			isa = XCConfigurationList;
			buildConfigurations = (
				3510D0DA2EADE7F800017CE9 /* Debug */,
				3510D0DB2EADE7F800017CE9 /* Release */,
			);
			defaultConfigurationIsVisible = 0;
			defaultConfigurationName = Release;
		};
		3549F8392EA49FED00AADFB0 /* Build configuration list for PBXProject "Crowd" */ = {
			isa = XCConfigurationList;
			buildConfigurations = (
				3549F85D2EA49FF000AADFB0 /* Debug */,
				3549F85E2EA49FF000AADFB0 /* Release */,
			);
			defaultConfigurationIsVisible = 0;
			defaultConfigurationName = Release;
		};
		3549F85F2EA49FF000AADFB0 /* Build configuration list for PBXNativeTarget "Crowd" */ = {
			isa = XCConfigurationList;
			buildConfigurations = (
				3549F8602EA49FF000AADFB0 /* Debug */,
				3549F8612EA49FF000AADFB0 /* Release */,
			);
			defaultConfigurationIsVisible = 0;
			defaultConfigurationName = Release;
		};
		3549F8622EA49FF000AADFB0 /* Build configuration list for PBXNativeTarget "CrowdTests" */ = {
			isa = XCConfigurationList;
			buildConfigurations = (
				3549F8632EA49FF000AADFB0 /* Debug */,
				3549F8642EA49FF000AADFB0 /* Release */,
			);
			defaultConfigurationIsVisible = 0;
			defaultConfigurationName = Release;
		};
		3549F8652EA49FF000AADFB0 /* Build configuration list for PBXNativeTarget "CrowdUITests" */ = {
			isa = XCConfigurationList;
			buildConfigurations = (
				3549F8662EA49FF000AADFB0 /* Debug */,
				3549F8672EA49FF000AADFB0 /* Release */,
			);
			defaultConfigurationIsVisible = 0;
			defaultConfigurationName = Release;
		};
/* End XCConfigurationList section */

/* Begin XCRemoteSwiftPackageReference section */
		3517C53C2EC6AD670038156F /* XCRemoteSwiftPackageReference "Superwall-iOS" */ = {
			isa = XCRemoteSwiftPackageReference;
			repositoryURL = "https://github.com/superwall/Superwall-iOS";
			requirement = {
				kind = upToNextMajorVersion;
				minimumVersion = 4.10.1;
			};
		};
		3578495D2EAC84C6005A3934 /* XCRemoteSwiftPackageReference "firebase-ios-sdk" */ = {
			isa = XCRemoteSwiftPackageReference;
			repositoryURL = "https://github.com/firebase/firebase-ios-sdk";
			requirement = {
				kind = upToNextMajorVersion;
				minimumVersion = 12.4.0;
			};
		};
		35A1B2C3D4E5F6789012347 /* XCRemoteSwiftPackageReference "ComponentsKit" */ = {
			isa = XCRemoteSwiftPackageReference;
			repositoryURL = "https://github.com/componentskit/ComponentsKit";
			requirement = {
				kind = upToNextMajorVersion;
				minimumVersion = 1.5.0;
			};
		};
/* End XCRemoteSwiftPackageReference section */

/* Begin XCSwiftPackageProductDependency section */
		3517C53D2EC6AD670038156F /* SuperwallKit */ = {
			isa = XCSwiftPackageProductDependency;
			package = 3517C53C2EC6AD670038156F /* XCRemoteSwiftPackageReference "Superwall-iOS" */;
			productName = SuperwallKit;
		};
		3578495E2EAC84C6005A3934 /* FirebaseCore */ = {
			isa = XCSwiftPackageProductDependency;
			package = 3578495D2EAC84C6005A3934 /* XCRemoteSwiftPackageReference "firebase-ios-sdk" */;
			productName = FirebaseCore;
		};
		357849602EAC84C6005A3934 /* FirebaseFirestore */ = {
			isa = XCSwiftPackageProductDependency;
			package = 3578495D2EAC84C6005A3934 /* XCRemoteSwiftPackageReference "firebase-ios-sdk" */;
			productName = FirebaseFirestore;
		};
		357849622EAC84C6005A3934 /* FirebaseFunctions */ = {
			isa = XCSwiftPackageProductDependency;
			package = 3578495D2EAC84C6005A3934 /* XCRemoteSwiftPackageReference "firebase-ios-sdk" */;
			productName = FirebaseFunctions;
		};
		357849642EAC89AB005A3934 /* FirebaseAI */ = {
			isa = XCSwiftPackageProductDependency;
			package = 3578495D2EAC84C6005A3934 /* XCRemoteSwiftPackageReference "firebase-ios-sdk" */;
			productName = FirebaseAI;
		};
		357849662EAC89AB005A3934 /* FirebaseAnalytics */ = {
			isa = XCSwiftPackageProductDependency;
			package = 3578495D2EAC84C6005A3934 /* XCRemoteSwiftPackageReference "firebase-ios-sdk" */;
			productName = FirebaseAnalytics;
		};
		357849682EAC89AB005A3934 /* FirebaseAnalyticsCore */ = {
			isa = XCSwiftPackageProductDependency;
			package = 3578495D2EAC84C6005A3934 /* XCRemoteSwiftPackageReference "firebase-ios-sdk" */;
			productName = FirebaseAnalyticsCore;
		};
		3578496A2EAC89AB005A3934 /* FirebaseAnalyticsIdentitySupport */ = {
			isa = XCSwiftPackageProductDependency;
			package = 3578495D2EAC84C6005A3934 /* XCRemoteSwiftPackageReference "firebase-ios-sdk" */;
			productName = FirebaseAnalyticsIdentitySupport;
		};
		3578496C2EAC89AB005A3934 /* FirebaseAppCheck */ = {
			isa = XCSwiftPackageProductDependency;
			package = 3578495D2EAC84C6005A3934 /* XCRemoteSwiftPackageReference "firebase-ios-sdk" */;
			productName = FirebaseAppCheck;
		};
		3578496E2EAC89AB005A3934 /* FirebaseAppDistribution-Beta */ = {
			isa = XCSwiftPackageProductDependency;
			package = 3578495D2EAC84C6005A3934 /* XCRemoteSwiftPackageReference "firebase-ios-sdk" */;
			productName = "FirebaseAppDistribution-Beta";
		};
		357849702EAC89AB005A3934 /* FirebaseAuth */ = {
			isa = XCSwiftPackageProductDependency;
			package = 3578495D2EAC84C6005A3934 /* XCRemoteSwiftPackageReference "firebase-ios-sdk" */;
			productName = FirebaseAuth;
		};
		357849722EAC89AB005A3934 /* FirebaseAuthCombine-Community */ = {
			isa = XCSwiftPackageProductDependency;
			package = 3578495D2EAC84C6005A3934 /* XCRemoteSwiftPackageReference "firebase-ios-sdk" */;
			productName = "FirebaseAuthCombine-Community";
		};
		357849742EAC89AB005A3934 /* FirebaseCrashlytics */ = {
			isa = XCSwiftPackageProductDependency;
			package = 3578495D2EAC84C6005A3934 /* XCRemoteSwiftPackageReference "firebase-ios-sdk" */;
			productName = FirebaseCrashlytics;
		};
		357849762EAC89AB005A3934 /* FirebaseDatabase */ = {
			isa = XCSwiftPackageProductDependency;
			package = 3578495D2EAC84C6005A3934 /* XCRemoteSwiftPackageReference "firebase-ios-sdk" */;
			productName = FirebaseDatabase;
		};
		357849782EAC89AB005A3934 /* FirebaseFirestoreCombine-Community */ = {
			isa = XCSwiftPackageProductDependency;
			package = 3578495D2EAC84C6005A3934 /* XCRemoteSwiftPackageReference "firebase-ios-sdk" */;
			productName = "FirebaseFirestoreCombine-Community";
		};
		3578497A2EAC89AB005A3934 /* FirebaseFunctionsCombine-Community */ = {
			isa = XCSwiftPackageProductDependency;
			package = 3578495D2EAC84C6005A3934 /* XCRemoteSwiftPackageReference "firebase-ios-sdk" */;
			productName = "FirebaseFunctionsCombine-Community";
		};
		3578497C2EAC89AB005A3934 /* FirebaseInAppMessaging-Beta */ = {
			isa = XCSwiftPackageProductDependency;
			package = 3578495D2EAC84C6005A3934 /* XCRemoteSwiftPackageReference "firebase-ios-sdk" */;
			productName = "FirebaseInAppMessaging-Beta";
		};
		3578497E2EAC89AB005A3934 /* FirebaseInstallations */ = {
			isa = XCSwiftPackageProductDependency;
			package = 3578495D2EAC84C6005A3934 /* XCRemoteSwiftPackageReference "firebase-ios-sdk" */;
			productName = FirebaseInstallations;
		};
		357849802EAC89AB005A3934 /* FirebaseMLModelDownloader */ = {
			isa = XCSwiftPackageProductDependency;
			package = 3578495D2EAC84C6005A3934 /* XCRemoteSwiftPackageReference "firebase-ios-sdk" */;
			productName = FirebaseMLModelDownloader;
		};
		357849822EAC89AB005A3934 /* FirebaseMessaging */ = {
			isa = XCSwiftPackageProductDependency;
			package = 3578495D2EAC84C6005A3934 /* XCRemoteSwiftPackageReference "firebase-ios-sdk" */;
			productName = FirebaseMessaging;
		};
		357849842EAC89AB005A3934 /* FirebasePerformance */ = {
			isa = XCSwiftPackageProductDependency;
			package = 3578495D2EAC84C6005A3934 /* XCRemoteSwiftPackageReference "firebase-ios-sdk" */;
			productName = FirebasePerformance;
		};
		357849862EAC89AB005A3934 /* FirebaseRemoteConfig */ = {
			isa = XCSwiftPackageProductDependency;
			package = 3578495D2EAC84C6005A3934 /* XCRemoteSwiftPackageReference "firebase-ios-sdk" */;
			productName = FirebaseRemoteConfig;
		};
		357849882EAC89AB005A3934 /* FirebaseStorage */ = {
			isa = XCSwiftPackageProductDependency;
			package = 3578495D2EAC84C6005A3934 /* XCRemoteSwiftPackageReference "firebase-ios-sdk" */;
			productName = FirebaseStorage;
		};
		3578498A2EAC89AB005A3934 /* FirebaseStorageCombine-Community */ = {
			isa = XCSwiftPackageProductDependency;
			package = 3578495D2EAC84C6005A3934 /* XCRemoteSwiftPackageReference "firebase-ios-sdk" */;
			productName = "FirebaseStorageCombine-Community";
		};
		35A1B2C3D4E5F6789012346 /* ComponentsKit */ = {
			isa = XCSwiftPackageProductDependency;
			package = 35A1B2C3D4E5F6789012347 /* XCRemoteSwiftPackageReference "ComponentsKit" */;
			productName = ComponentsKit;
		};
/* End XCSwiftPackageProductDependency section */
	};
	rootObject = 3549F8362EA49FED00AADFB0 /* Project object */;
}
