// !$*UTF8*$!
{
	archiveVersion = 1;
	classes = {
	};
	objectVersion = 77;
	objects = {

/* Begin PBXBuildFile section */
		3517C53E2EC6AD670038156F /* (null) in Frameworks */ = {isa = PBXBuildFile; };
		3557FDB32F1F6EB40072E889 /* TenorAPIKit in Frameworks */ = {isa = PBXBuildFile; productRef = 3557FDB22F1F6EB40072E889 /* TenorAPIKit */; };
		3557FDB92F1F70020072E889 /* Secrets.xcconfig in Resources */ = {isa = PBXBuildFile; fileRef = 3557FDB82F1F70010072E889 /* Secrets.xcconfig */; };
		3569530D2F1DAF70009F8E2F /* FirebaseAI in Frameworks */ = {isa = PBXBuildFile; productRef = 3569530C2F1DAF70009F8E2F /* FirebaseAI */; };
		3569530F2F1DAF70009F8E2F /* FirebaseAnalytics in Frameworks */ = {isa = PBXBuildFile; productRef = 3569530E2F1DAF70009F8E2F /* FirebaseAnalytics */; };
		356953112F1DAF70009F8E2F /* FirebaseAnalyticsCore in Frameworks */ = {isa = PBXBuildFile; productRef = 356953102F1DAF70009F8E2F /* FirebaseAnalyticsCore */; };
		356953132F1DAF70009F8E2F /* FirebaseAnalyticsIdentitySupport in Frameworks */ = {isa = PBXBuildFile; productRef = 356953122F1DAF70009F8E2F /* FirebaseAnalyticsIdentitySupport */; };
		356953152F1DAF70009F8E2F /* FirebaseAppCheck in Frameworks */ = {isa = PBXBuildFile; productRef = 356953142F1DAF70009F8E2F /* FirebaseAppCheck */; };
		356953172F1DAF70009F8E2F /* FirebaseAppDistribution-Beta in Frameworks */ = {isa = PBXBuildFile; productRef = 356953162F1DAF70009F8E2F /* FirebaseAppDistribution-Beta */; };
		356953192F1DAF70009F8E2F /* FirebaseAuth in Frameworks */ = {isa = PBXBuildFile; productRef = 356953182F1DAF70009F8E2F /* FirebaseAuth */; };
		3569531B2F1DAF70009F8E2F /* FirebaseCore in Frameworks */ = {isa = PBXBuildFile; productRef = 3569531A2F1DAF70009F8E2F /* FirebaseCore */; };
		3569531D2F1DAF70009F8E2F /* FirebaseDatabase in Frameworks */ = {isa = PBXBuildFile; productRef = 3569531C2F1DAF70009F8E2F /* FirebaseDatabase */; };
		3569531F2F1DAF70009F8E2F /* FirebaseFirestore in Frameworks */ = {isa = PBXBuildFile; productRef = 3569531E2F1DAF70009F8E2F /* FirebaseFirestore */; };
		356953212F1DAF70009F8E2F /* FirebaseFunctions in Frameworks */ = {isa = PBXBuildFile; productRef = 356953202F1DAF70009F8E2F /* FirebaseFunctions */; };
		356953232F1DAF70009F8E2F /* FirebaseInAppMessaging-Beta in Frameworks */ = {isa = PBXBuildFile; productRef = 356953222F1DAF70009F8E2F /* FirebaseInAppMessaging-Beta */; };
		356953252F1DAF70009F8E2F /* FirebaseInstallations in Frameworks */ = {isa = PBXBuildFile; productRef = 356953242F1DAF70009F8E2F /* FirebaseInstallations */; };
		356953272F1DAF70009F8E2F /* FirebaseMessaging in Frameworks */ = {isa = PBXBuildFile; productRef = 356953262F1DAF70009F8E2F /* FirebaseMessaging */; };
		356953292F1DAF70009F8E2F /* FirebasePerformance in Frameworks */ = {isa = PBXBuildFile; productRef = 356953282F1DAF70009F8E2F /* FirebasePerformance */; };
		3569532B2F1DAF70009F8E2F /* FirebaseStorage in Frameworks */ = {isa = PBXBuildFile; productRef = 3569532A2F1DAF70009F8E2F /* FirebaseStorage */; };
		356953302F1DAFEC009F8E2F /* Lottie in Frameworks */ = {isa = PBXBuildFile; productRef = 3569532F2F1DAFEC009F8E2F /* Lottie */; };
		3578495F2EAC84C6005A3934 /* (null) in Frameworks */ = {isa = PBXBuildFile; };
		357849612EAC84C6005A3934 /* (null) in Frameworks */ = {isa = PBXBuildFile; };
		357849632EAC84C6005A3934 /* (null) in Frameworks */ = {isa = PBXBuildFile; };
		357849652EAC89AB005A3934 /* (null) in Frameworks */ = {isa = PBXBuildFile; };
		357849672EAC89AB005A3934 /* (null) in Frameworks */ = {isa = PBXBuildFile; };
		357849692EAC89AB005A3934 /* (null) in Frameworks */ = {isa = PBXBuildFile; };
		3578496B2EAC89AB005A3934 /* (null) in Frameworks */ = {isa = PBXBuildFile; };
		3578496D2EAC89AB005A3934 /* (null) in Frameworks */ = {isa = PBXBuildFile; };
		3578496F2EAC89AB005A3934 /* (null) in Frameworks */ = {isa = PBXBuildFile; };
		357849712EAC89AB005A3934 /* (null) in Frameworks */ = {isa = PBXBuildFile; };
		357849732EAC89AB005A3934 /* (null) in Frameworks */ = {isa = PBXBuildFile; };
		357849752EAC89AB005A3934 /* (null) in Frameworks */ = {isa = PBXBuildFile; };
		357849772EAC89AB005A3934 /* (null) in Frameworks */ = {isa = PBXBuildFile; };
		357849792EAC89AB005A3934 /* (null) in Frameworks */ = {isa = PBXBuildFile; };
		3578497B2EAC89AB005A3934 /* (null) in Frameworks */ = {isa = PBXBuildFile; };
		3578497D2EAC89AB005A3934 /* (null) in Frameworks */ = {isa = PBXBuildFile; };
		3578497F2EAC89AB005A3934 /* (null) in Frameworks */ = {isa = PBXBuildFile; };
		357849812EAC89AB005A3934 /* (null) in Frameworks */ = {isa = PBXBuildFile; };
		357849832EAC89AB005A3934 /* (null) in Frameworks */ = {isa = PBXBuildFile; };
		357849852EAC89AB005A3934 /* (null) in Frameworks */ = {isa = PBXBuildFile; };
		357849872EAC89AB005A3934 /* (null) in Frameworks */ = {isa = PBXBuildFile; };
		357849892EAC89AB005A3934 /* (null) in Frameworks */ = {isa = PBXBuildFile; };
		3578498B2EAC89AB005A3934 /* (null) in Frameworks */ = {isa = PBXBuildFile; };
		3593E62D2F1B1C11002061AB /* (null) in Frameworks */ = {isa = PBXBuildFile; };
		3593E6302F1B1E47002061AB /* (null) in Frameworks */ = {isa = PBXBuildFile; };
		35A1B2C3D4E5F6789012345 /* (null) in Frameworks */ = {isa = PBXBuildFile; };
		35A7C53F2F1DB000009F8E2F /* SuperwallKit in Frameworks */ = {isa = PBXBuildFile; productRef = 35A7C53E2F1DB000009F8E2F /* SuperwallKit */; };
		35B7C53F2F1DB100009F8E2F /* ComponentsKit in Frameworks */ = {isa = PBXBuildFile; productRef = 35B7C53E2F1DB100009F8E2F /* ComponentsKit */; };
		35C7C53F2F1DB200009F8E2F /* SDWebImageSwiftUI in Frameworks */ = {isa = PBXBuildFile; productRef = 35C7C53E2F1DB200009F8E2F /* SDWebImageSwiftUI */; };
/* End PBXBuildFile section */

/* Begin PBXContainerItemProxy section */
		3549F84C2EA49FF000AADFB0 /* PBXContainerItemProxy */ = {
			isa = PBXContainerItemProxy;
			containerPortal = 3549F8362EA49FED00AADFB0 /* Project object */;
			proxyType = 1;
			remoteGlobalIDString = 3549F83D2EA49FED00AADFB0;
			remoteInfo = Crowd;
		};
		3549F8562EA49FF000AADFB0 /* PBXContainerItemProxy */ = {
			isa = PBXContainerItemProxy;
			containerPortal = 3549F8362EA49FED00AADFB0 /* Project object */;
			proxyType = 1;
			remoteGlobalIDString = 3549F83D2EA49FED00AADFB0;
			remoteInfo = Crowd;
		};
/* End PBXContainerItemProxy section */

/* Begin PBXFileReference section */
		3510D0D52EADE7F800017CE9 /* HeatmapShaders.metal.metallib */ = {isa = PBXFileReference; explicitFileType = "archive.metal-library"; includeInIndex = 0; path = HeatmapShaders.metal.metallib; sourceTree = BUILT_PRODUCTS_DIR; };
		3549F83E2EA49FED00AADFB0 /* Crowd.app */ = {isa = PBXFileReference; explicitFileType = wrapper.application; includeInIndex = 0; path = Crowd.app; sourceTree = BUILT_PRODUCTS_DIR; };
		3549F84B2EA49FF000AADFB0 /* CrowdTests.xctest */ = {isa = PBXFileReference; explicitFileType = wrapper.cfbundle; includeInIndex = 0; path = CrowdTests.xctest; sourceTree = BUILT_PRODUCTS_DIR; };
		3549F8552EA49FF000AADFB0 /* CrowdUITests.xctest */ = {isa = PBXFileReference; explicitFileType = wrapper.cfbundle; includeInIndex = 0; path = CrowdUITests.xctest; sourceTree = BUILT_PRODUCTS_DIR; };
		3557FDB82F1F70010072E889 /* Secrets.xcconfig */ = {isa = PBXFileReference; lastKnownFileType = text.xcconfig; name = Secrets.xcconfig; path = Crowd/Secrets.xcconfig; sourceTree = "<group>"; };
/* End PBXFileReference section */

/* Begin PBXFileSystemSynchronizedBuildFileExceptionSet section */
		3510D0DE2EADE84000017CE9 /* Exceptions for "Crowd" folder in "HeatmapShaders.metal" target */ = {
			isa = PBXFileSystemSynchronizedBuildFileExceptionSet;
			membershipExceptions = (
				Shaders/HeatmapShaders.metal,
			);
			target = 3510D0D42EADE7F800017CE9 /* HeatmapShaders.metal */;
		};
/* End PBXFileSystemSynchronizedBuildFileExceptionSet section */

/* Begin PBXFileSystemSynchronizedRootGroup section */
		3549F8402EA49FED00AADFB0 /* Crowd */ = {
			isa = PBXFileSystemSynchronizedRootGroup;
			exceptions = (
				3510D0DE2EADE84000017CE9 /* Exceptions for "Crowd" folder in "HeatmapShaders.metal" target */,
			);
			path = Crowd;
			sourceTree = "<group>";
		};
/* End PBXFileSystemSynchronizedRootGroup section */

/* Begin PBXFrameworksBuildPhase section */
		3549F83B2EA49FED00AADFB0 /* Frameworks */ = {
			isa = PBXFrameworksBuildPhase;
			buildActionMask = 2147483647;
			files = (
				357849772EAC89AB005A3934 /* (null) in Frameworks */,
				3578496D2EAC89AB005A3934 /* (null) in Frameworks */,
				3569532B2F1DAF70009F8E2F /* FirebaseStorage in Frameworks */,
				357849852EAC89AB005A3934 /* (null) in Frameworks */,
				3578498B2EAC89AB005A3934 /* (null) in Frameworks */,
				357849872EAC89AB005A3934 /* (null) in Frameworks */,
				356953132F1DAF70009F8E2F /* FirebaseAnalyticsIdentitySupport in Frameworks */,
				3569531D2F1DAF70009F8E2F /* FirebaseDatabase in Frameworks */,
				357849712EAC89AB005A3934 /* (null) in Frameworks */,
				357849632EAC84C6005A3934 /* (null) in Frameworks */,
				356953112F1DAF70009F8E2F /* FirebaseAnalyticsCore in Frameworks */,
				3569531F2F1DAF70009F8E2F /* FirebaseFirestore in Frameworks */,
				357849692EAC89AB005A3934 /* (null) in Frameworks */,
				3593E62D2F1B1C11002061AB /* (null) in Frameworks */,
				3569531B2F1DAF70009F8E2F /* FirebaseCore in Frameworks */,
				356953292F1DAF70009F8E2F /* FirebasePerformance in Frameworks */,
				357849652EAC89AB005A3934 /* (null) in Frameworks */,
				3578496B2EAC89AB005A3934 /* (null) in Frameworks */,
				357849732EAC89AB005A3934 /* (null) in Frameworks */,
				3517C53E2EC6AD670038156F /* (null) in Frameworks */,
				357849832EAC89AB005A3934 /* (null) in Frameworks */,
				356953252F1DAF70009F8E2F /* FirebaseInstallations in Frameworks */,
				356953152F1DAF70009F8E2F /* FirebaseAppCheck in Frameworks */,
				3578497F2EAC89AB005A3934 /* (null) in Frameworks */,
				3578497B2EAC89AB005A3934 /* (null) in Frameworks */,
				356953192F1DAF70009F8E2F /* FirebaseAuth in Frameworks */,
				3578495F2EAC84C6005A3934 /* (null) in Frameworks */,
				356953172F1DAF70009F8E2F /* FirebaseAppDistribution-Beta in Frameworks */,
				357849672EAC89AB005A3934 /* (null) in Frameworks */,
				356953232F1DAF70009F8E2F /* FirebaseInAppMessaging-Beta in Frameworks */,
				3578497D2EAC89AB005A3934 /* (null) in Frameworks */,
				356953272F1DAF70009F8E2F /* FirebaseMessaging in Frameworks */,
				357849752EAC89AB005A3934 /* (null) in Frameworks */,
				3593E6302F1B1E47002061AB /* (null) in Frameworks */,
				356953212F1DAF70009F8E2F /* FirebaseFunctions in Frameworks */,
				3569530D2F1DAF70009F8E2F /* FirebaseAI in Frameworks */,
				357849612EAC84C6005A3934 /* (null) in Frameworks */,
				3557FDB32F1F6EB40072E889 /* TenorAPIKit in Frameworks */,
				357849812EAC89AB005A3934 /* (null) in Frameworks */,
				357849892EAC89AB005A3934 /* (null) in Frameworks */,
				356953302F1DAFEC009F8E2F /* Lottie in Frameworks */,
				3578496F2EAC89AB005A3934 /* (null) in Frameworks */,
				357849792EAC89AB005A3934 /* (null) in Frameworks */,
				3569530F2F1DAF70009F8E2F /* FirebaseAnalytics in Frameworks */,
				35A1B2C3D4E5F6789012345 /* (null) in Frameworks */,
				35A7C53F2F1DB000009F8E2F /* SuperwallKit in Frameworks */,
				35B7C53F2F1DB100009F8E2F /* ComponentsKit in Frameworks */,
				35C7C53F2F1DB200009F8E2F /* SDWebImageSwiftUI in Frameworks */,
			);
			runOnlyForDeploymentPostprocessing = 0;
		};
		3549F8482EA49FF000AADFB0 /* Frameworks */ = {
			isa = PBXFrameworksBuildPhase;
			buildActionMask = 2147483647;
			files = (
			);
			runOnlyForDeploymentPostprocessing = 0;
		};
		3549F8522EA49FF000AADFB0 /* Frameworks */ = {
			isa = PBXFrameworksBuildPhase;
			buildActionMask = 2147483647;
			files = (
			);
			runOnlyForDeploymentPostprocessing = 0;
		};
/* End PBXFrameworksBuildPhase section */

/* Begin PBXGroup section */
		3549F8352EA49FED00AADFB0 = {
			isa = PBXGroup;
			children = (
				3557FDB82F1F70010072E889 /* Secrets.xcconfig */,
				3549F8402EA49FED00AADFB0 /* Crowd */,
				3549F83F2EA49FED00AADFB0 /* Products */,
			);
			sourceTree = "<group>";
		};
		3549F83F2EA49FED00AADFB0 /* Products */ = {
			isa = PBXGroup;
			children = (
				3549F83E2EA49FED00AADFB0 /* Crowd.app */,
				3549F84B2EA49FF000AADFB0 /* CrowdTests.xctest */,
				3549F8552EA49FF000AADFB0 /* CrowdUITests.xctest */,
				3510D0D52EADE7F800017CE9 /* HeatmapShaders.metal.metallib */,
			);
			name = Products;
			sourceTree = "<group>";
		};
/* End PBXGroup section */

/* Begin PBXNativeTarget section */
		3510D0D42EADE7F800017CE9 /* HeatmapShaders.metal */ = {
			isa = PBXNativeTarget;
			buildConfigurationList = 3510D0D92EADE7F800017CE9 /* Build configuration list for PBXNativeTarget "HeatmapShaders.metal" */;
			buildPhases = (
				3510D0D32EADE7F800017CE9 /* Sources */,
			);
			buildRules = (
			);
			dependencies = (
			);
			name = HeatmapShaders.metal;
			packageProductDependencies = (
			);
			productName = HeatmapShaders.metal;
			productReference = 3510D0D52EADE7F800017CE9 /* HeatmapShaders.metal.metallib */;
			productType = "com.apple.product-type.metal-library";
		};
		3549F83D2EA49FED00AADFB0 /* Crowd */ = {
			isa = PBXNativeTarget;
			buildConfigurationList = 3549F85F2EA49FF000AADFB0 /* Build configuration list for PBXNativeTarget "Crowd" */;
			buildPhases = (
				3549F83A2EA49FED00AADFB0 /* Sources */,
				3549F83B2EA49FED00AADFB0 /* Frameworks */,
				3549F83C2EA49FED00AADFB0 /* Resources */,
			);
			buildRules = (
			);
			dependencies = (
			);
			fileSystemSynchronizedGroups = (
				3549F8402EA49FED00AADFB0 /* Crowd */,
			);
			name = Crowd;
			packageProductDependencies = (
				3569530C2F1DAF70009F8E2F /* FirebaseAI */,
				3569530E2F1DAF70009F8E2F /* FirebaseAnalytics */,
				356953102F1DAF70009F8E2F /* FirebaseAnalyticsCore */,
				356953122F1DAF70009F8E2F /* FirebaseAnalyticsIdentitySupport */,
				356953142F1DAF70009F8E2F /* FirebaseAppCheck */,
				356953162F1DAF70009F8E2F /* FirebaseAppDistribution-Beta */,
				356953182F1DAF70009F8E2F /* FirebaseAuth */,
				3569531A2F1DAF70009F8E2F /* FirebaseCore */,
				3569531C2F1DAF70009F8E2F /* FirebaseDatabase */,
				3569531E2F1DAF70009F8E2F /* FirebaseFirestore */,
				356953202F1DAF70009F8E2F /* FirebaseFunctions */,
				356953222F1DAF70009F8E2F /* FirebaseInAppMessaging-Beta */,
				356953242F1DAF70009F8E2F /* FirebaseInstallations */,
				356953262F1DAF70009F8E2F /* FirebaseMessaging */,
				356953282F1DAF70009F8E2F /* FirebasePerformance */,
				3569532A2F1DAF70009F8E2F /* FirebaseStorage */,
				3569532F2F1DAFEC009F8E2F /* Lottie */,
				35A7C53E2F1DB000009F8E2F /* SuperwallKit */,
				35B7C53E2F1DB100009F8E2F /* ComponentsKit */,
				35C7C53E2F1DB200009F8E2F /* SDWebImageSwiftUI */,
				3557FDB22F1F6EB40072E889 /* TenorAPIKit */,
			);
			productName = Crowd;
			productReference = 3549F83E2EA49FED00AADFB0 /* Crowd.app */;
			productType = "com.apple.product-type.application";
		};
		3549F84A2EA49FF000AADFB0 /* CrowdTests */ = {
			isa = PBXNativeTarget;
			buildConfigurationList = 3549F8622EA49FF000AADFB0 /* Build configuration list for PBXNativeTarget "CrowdTests" */;
			buildPhases = (
				3549F8472EA49FF000AADFB0 /* Sources */,
				3549F8482EA49FF000AADFB0 /* Frameworks */,
				3549F8492EA49FF000AADFB0 /* Resources */,
			);
			buildRules = (
			);
			dependencies = (
				3549F84D2EA49FF000AADFB0 /* PBXTargetDependency */,
			);
			name = CrowdTests;
			packageProductDependencies = (
			);
			productName = CrowdTests;
			productReference = 3549F84B2EA49FF000AADFB0 /* CrowdTests.xctest */;
			productType = "com.apple.product-type.bundle.unit-test";
		};
		3549F8542EA49FF000AADFB0 /* CrowdUITests */ = {
			isa = PBXNativeTarget;
			buildConfigurationList = 3549F8652EA49FF000AADFB0 /* Build configuration list for PBXNativeTarget "CrowdUITests" */;
			buildPhases = (
				3549F8512EA49FF000AADFB0 /* Sources */,
				3549F8522EA49FF000AADFB0 /* Frameworks */,
				3549F8532EA49FF000AADFB0 /* Resources */,
			);
			buildRules = (
			);
			dependencies = (
				3549F8572EA49FF000AADFB0 /* PBXTargetDependency */,
			);
			name = CrowdUITests;
			packageProductDependencies = (
			);
			productName = CrowdUITests;
			productReference = 3549F8552EA49FF000AADFB0 /* CrowdUITests.xctest */;
			productType = "com.apple.product-type.bundle.ui-testing";
		};
/* End PBXNativeTarget section */

/* Begin PBXProject section */
		3549F8362EA49FED00AADFB0 /* Project object */ = {
			isa = PBXProject;
			attributes = {
				BuildIndependentTargetsInParallel = 1;
				LastSwiftUpdateCheck = 2600;
				LastUpgradeCheck = 2600;
				TargetAttributes = {
					3510D0D42EADE7F800017CE9 = {
						CreatedOnToolsVersion = 26.0.1;
					};
					3549F83D2EA49FED00AADFB0 = {
						CreatedOnToolsVersion = 26.0.1;
					};
					3549F84A2EA49FF000AADFB0 = {
						CreatedOnToolsVersion = 26.0.1;
						TestTargetID = 3549F83D2EA49FED00AADFB0;
					};
					3549F8542EA49FF000AADFB0 = {
						CreatedOnToolsVersion = 26.0.1;
						TestTargetID = 3549F83D2EA49FED00AADFB0;
					};
				};
			};
			buildConfigurationList = 3549F8392EA49FED00AADFB0 /* Build configuration list for PBXProject "Crowd" */;
			developmentRegion = en;
			hasScannedForEncodings = 0;
			knownRegions = (
				en,
				Base,
			);
			mainGroup = 3549F8352EA49FED00AADFB0;
			minimizedProjectReferenceProxies = 1;
			packageReferences = (
				3569530B2F1DAF70009F8E2F /* XCRemoteSwiftPackageReference "firebase-ios-sdk" */,
				3569532E2F1DAFEC009F8E2F /* XCRemoteSwiftPackageReference "lottie-ios" */,
				35A7C53D2F1DB000009F8E2F /* XCRemoteSwiftPackageReference "Superwall-iOS" */,
				35B7C53D2F1DB100009F8E2F /* XCRemoteSwiftPackageReference "ComponentsKit" */,
				35C7C53D2F1DB200009F8E2F /* XCRemoteSwiftPackageReference "SDWebImageSwiftUI" */,
				3557FDB12F1F6EB40072E889 /* XCRemoteSwiftPackageReference "TenorAPIKit" */,
			);
			preferredProjectObjectVersion = 77;
			productRefGroup = 3549F83F2EA49FED00AADFB0 /* Products */;
			projectDirPath = "";
			projectRoot = "";
			targets = (
				3549F83D2EA49FED00AADFB0 /* Crowd */,
				3549F84A2EA49FF000AADFB0 /* CrowdTests */,
				3549F8542EA49FF000AADFB0 /* CrowdUITests */,
				3510D0D42EADE7F800017CE9 /* HeatmapShaders.metal */,
			);
		};
/* End PBXProject section */

/* Begin PBXResourcesBuildPhase section */
		3549F83C2EA49FED00AADFB0 /* Resources */ = {
			isa = PBXResourcesBuildPhase;
			buildActionMask = 2147483647;
			files = (
				3557FDB92F1F70020072E889 /* Secrets.xcconfig in Resources */,
			);
			runOnlyForDeploymentPostprocessing = 0;
		};
		3549F8492EA49FF000AADFB0 /* Resources */ = {
			isa = PBXResourcesBuildPhase;
			buildActionMask = 2147483647;
			files = (
			);
			runOnlyForDeploymentPostprocessing = 0;
		};
		3549F8532EA49FF000AADFB0 /* Resources */ = {
			isa = PBXResourcesBuildPhase;
			buildActionMask = 2147483647;
			files = (
			);
			runOnlyForDeploymentPostprocessing = 0;
		};
/* End PBXResourcesBuildPhase section */

/* Begin PBXSourcesBuildPhase section */
		3510D0D32EADE7F800017CE9 /* Sources */ = {
			isa = PBXSourcesBuildPhase;
			buildActionMask = 2147483647;
			files = (
			);
			runOnlyForDeploymentPostprocessing = 0;
		};
		3549F83A2EA49FED00AADFB0 /* Sources */ = {
			isa = PBXSourcesBuildPhase;
			buildActionMask = 2147483647;
			files = (
			);
			runOnlyForDeploymentPostprocessing = 0;
		};
		3549F8472EA49FF000AADFB0 /* Sources */ = {
			isa = PBXSourcesBuildPhase;
			buildActionMask = 2147483647;
			files = (
			);
			runOnlyForDeploymentPostprocessing = 0;
		};
		3549F8512EA49FF000AADFB0 /* Sources */ = {
			isa = PBXSourcesBuildPhase;
			buildActionMask = 2147483647;
			files = (
			);
			runOnlyForDeploymentPostprocessing = 0;
		};
/* End PBXSourcesBuildPhase section */

/* Begin PBXTargetDependency section */
		3549F84D2EA49FF000AADFB0 /* PBXTargetDependency */ = {
			isa = PBXTargetDependency;
			target = 3549F83D2EA49FED00AADFB0 /* Crowd */;
			targetProxy = 3549F84C2EA49FF000AADFB0 /* PBXContainerItemProxy */;
		};
		3549F8572EA49FF000AADFB0 /* PBXTargetDependency */ = {
			isa = PBXTargetDependency;
			target = 3549F83D2EA49FED00AADFB0 /* Crowd */;
			targetProxy = 3549F8562EA49FF000AADFB0 /* PBXContainerItemProxy */;
		};
/* End PBXTargetDependency section */

/* Begin XCBuildConfiguration section */
		3510D0DA2EADE7F800017CE9 /* Debug */ = {
			isa = XCBuildConfiguration;
			buildSettings = {
				CODE_SIGN_STYLE = Automatic;
				DEVELOPMENT_TEAM = 8254DAMG44;
				PRODUCT_NAME = "$(TARGET_NAME)";
				VERSIONING_SYSTEM = "";
			};
			name = Debug;
		};
		3510D0DB2EADE7F800017CE9 /* Release */ = {
			isa = XCBuildConfiguration;
			buildSettings = {
				CODE_SIGN_STYLE = Automatic;
				DEVELOPMENT_TEAM = 8254DAMG44;
				PRODUCT_NAME = "$(TARGET_NAME)";
				VERSIONING_SYSTEM = "";
			};
			name = Release;
		};
		3549F85D2EA49FF000AADFB0 /* Debug */ = {
			isa = XCBuildConfiguration;
			buildSettings = {
				ALWAYS_SEARCH_USER_PATHS = NO;
				ASSETCATALOG_COMPILER_GENERATE_SWIFT_ASSET_SYMBOL_EXTENSIONS = YES;
				CLANG_ANALYZER_NONNULL = YES;
				CLANG_ANALYZER_NUMBER_OBJECT_CONVERSION = YES_AGGRESSIVE;
				CLANG_CXX_LANGUAGE_STANDARD = "gnu++20";
				CLANG_ENABLE_MODULES = YES;
				CLANG_ENABLE_OBJC_ARC = YES;
				CLANG_ENABLE_OBJC_WEAK = YES;
				CLANG_WARN_BLOCK_CAPTURE_AUTORELEASING = YES;
				CLANG_WARN_BOOL_CONVERSION = YES;
				CLANG_WARN_COMMA = YES;
				CLANG_WARN_CONSTANT_CONVERSION = YES;
				CLANG_WARN_DEPRECATED_OBJC_IMPLEMENTATIONS = YES;
				CLANG_WARN_DIRECT_OBJC_ISA_USAGE = YES_ERROR;
				CLANG_WARN_DOCUMENTATION_COMMENTS = YES;
				CLANG_WARN_EMPTY_BODY = YES;
				CLANG_WARN_ENUM_CONVERSION = YES;
				CLANG_WARN_INFINITE_RECURSION = YES;
				CLANG_WARN_INT_CONVERSION = YES;
				CLANG_WARN_NON_LITERAL_NULL_CONVERSION = YES;
				CLANG_WARN_OBJC_IMPLICIT_RETAIN_SELF = YES;
				CLANG_WARN_OBJC_LITERAL_CONVERSION = YES;
				CLANG_WARN_OBJC_ROOT_CLASS = YES_ERROR;
				CLANG_WARN_QUOTED_INCLUDE_IN_FRAMEWORK_HEADER = YES;
				CLANG_WARN_RANGE_LOOP_ANALYSIS = YES;
				CLANG_WARN_STRICT_PROTOTYPES = YES;
				CLANG_WARN_SUSPICIOUS_MOVE = YES;
				CLANG_WARN_UNGUARDED_AVAILABILITY = YES_AGGRESSIVE;
				CLANG_WARN_UNREACHABLE_CODE = YES;
				CLANG_WARN__DUPLICATE_METHOD_MATCH = YES;
				COPY_PHASE_STRIP = NO;
				DEBUG_INFORMATION_FORMAT = dwarf;
				DEVELOPMENT_TEAM = 8254DAMG44;
				ENABLE_STRICT_OBJC_MSGSEND = YES;
				ENABLE_TESTABILITY = YES;
				ENABLE_USER_SCRIPT_SANDBOXING = YES;
				GCC_C_LANGUAGE_STANDARD = gnu17;
				GCC_DYNAMIC_NO_PIC = NO;
				GCC_NO_COMMON_BLOCKS = YES;
				GCC_OPTIMIZATION_LEVEL = 0;
				GCC_PREPROCESSOR_DEFINITIONS = (
					"DEBUG=1",
					"$(inherited)",
				);
				GCC_WARN_64_TO_32_BIT_CONVERSION = YES;
				GCC_WARN_ABOUT_RETURN_TYPE = YES_ERROR;
				GCC_WARN_UNDECLARED_SELECTOR = YES;
				GCC_WARN_UNINITIALIZED_AUTOS = YES_AGGRESSIVE;
				GCC_WARN_UNUSED_FUNCTION = YES;
				GCC_WARN_UNUSED_VARIABLE = YES;
				IPHONEOS_DEPLOYMENT_TARGET = 26.0;
				LOCALIZATION_PREFERS_STRING_CATALOGS = YES;
				MTL_ENABLE_DEBUG_INFO = INCLUDE_SOURCE;
				MTL_FAST_MATH = YES;
				ONLY_ACTIVE_ARCH = YES;
				SDKROOT = iphoneos;
				STRING_CATALOG_GENERATE_SYMBOLS = YES;
				SWIFT_ACTIVE_COMPILATION_CONDITIONS = "DEBUG $(inherited)";
				SWIFT_OPTIMIZATION_LEVEL = "-Onone";
			};
			name = Debug;
		};
		3549F85E2EA49FF000AADFB0 /* Release */ = {
			isa = XCBuildConfiguration;
			buildSettings = {
				ALWAYS_SEARCH_USER_PATHS = NO;
				ASSETCATALOG_COMPILER_GENERATE_SWIFT_ASSET_SYMBOL_EXTENSIONS = YES;
				CLANG_ANALYZER_NONNULL = YES;
				CLANG_ANALYZER_NUMBER_OBJECT_CONVERSION = YES_AGGRESSIVE;
				CLANG_CXX_LANGUAGE_STANDARD = "gnu++20";
				CLANG_ENABLE_MODULES = YES;
				CLANG_ENABLE_OBJC_ARC = YES;
				CLANG_ENABLE_OBJC_WEAK = YES;
				CLANG_WARN_BLOCK_CAPTURE_AUTORELEASING = YES;
				CLANG_WARN_BOOL_CONVERSION = YES;
				CLANG_WARN_COMMA = YES;
				CLANG_WARN_CONSTANT_CONVERSION = YES;
				CLANG_WARN_DEPRECATED_OBJC_IMPLEMENTATIONS = YES;
				CLANG_WARN_DIRECT_OBJC_ISA_USAGE = YES_ERROR;
				CLANG_WARN_DOCUMENTATION_COMMENTS = YES;
				CLANG_WARN_EMPTY_BODY = YES;
				CLANG_WARN_ENUM_CONVERSION = YES;
				CLANG_WARN_INFINITE_RECURSION = YES;
				CLANG_WARN_INT_CONVERSION = YES;
				CLANG_WARN_NON_LITERAL_NULL_CONVERSION = YES;
				CLANG_WARN_OBJC_IMPLICIT_RETAIN_SELF = YES;
				CLANG_WARN_OBJC_LITERAL_CONVERSION = YES;
				CLANG_WARN_OBJC_ROOT_CLASS = YES_ERROR;
				CLANG_WARN_QUOTED_INCLUDE_IN_FRAMEWORK_HEADER = YES;
				CLANG_WARN_RANGE_LOOP_ANALYSIS = YES;
				CLANG_WARN_STRICT_PROTOTYPES = YES;
				CLANG_WARN_SUSPICIOUS_MOVE = YES;
				CLANG_WARN_UNGUARDED_AVAILABILITY = YES_AGGRESSIVE;
				CLANG_WARN_UNREACHABLE_CODE = YES;
				CLANG_WARN__DUPLICATE_METHOD_MATCH = YES;
				COPY_PHASE_STRIP = NO;
				DEBUG_INFORMATION_FORMAT = "dwarf-with-dsym";
				DEVELOPMENT_TEAM = 8254DAMG44;
				ENABLE_NS_ASSERTIONS = NO;
				ENABLE_STRICT_OBJC_MSGSEND = YES;
				ENABLE_USER_SCRIPT_SANDBOXING = YES;
				GCC_C_LANGUAGE_STANDARD = gnu17;
				GCC_NO_COMMON_BLOCKS = YES;
				GCC_WARN_64_TO_32_BIT_CONVERSION = YES;
				GCC_WARN_ABOUT_RETURN_TYPE = YES_ERROR;
				GCC_WARN_UNDECLARED_SELECTOR = YES;
				GCC_WARN_UNINITIALIZED_AUTOS = YES_AGGRESSIVE;
				GCC_WARN_UNUSED_FUNCTION = YES;
				GCC_WARN_UNUSED_VARIABLE = YES;
				IPHONEOS_DEPLOYMENT_TARGET = 26.0;
				LOCALIZATION_PREFERS_STRING_CATALOGS = YES;
				MTL_ENABLE_DEBUG_INFO = NO;
				MTL_FAST_MATH = YES;
				SDKROOT = iphoneos;
				STRING_CATALOG_GENERATE_SYMBOLS = YES;
				SWIFT_COMPILATION_MODE = wholemodule;
				VALIDATE_PRODUCT = YES;
			};
			name = Release;
		};
		3549F8602EA49FF000AADFB0 /* Debug */ = {
			isa = XCBuildConfiguration;
			buildSettings = {
				ASSETCATALOG_COMPILER_APPICON_NAME = AppIcon;
				ASSETCATALOG_COMPILER_GLOBAL_ACCENT_COLOR_NAME = AccentColor;
				CODE_SIGN_ENTITLEMENTS = Crowd/Crowd.entitlements;
				CODE_SIGN_STYLE = Automatic;
				CURRENT_PROJECT_VERSION = 3;
				DEVELOPMENT_TEAM = 8254DAMG44;
				ENABLE_PREVIEWS = YES;
				GENERATE_INFOPLIST_FILE = YES;
				INFOPLIST_KEY_NSMicrophoneUsageDescription = "Crowd uses the microphone for voice and audio features when you choose to record or speak.";
				INFOPLIST_KEY_NSLocationAlwaysAndWhenInUseUsageDescription = "Crowd needs access to your location to show you nearby events and help you discover what's happening around campus, even when the app is in the background.";
				INFOPLIST_KEY_NSLocationWhenInUseUsageDescription = "Crowd needs access to your location to show you nearby events and help you discover what's happening around campus.";
				INFOPLIST_KEY_UIApplicationSceneManifest_Generation = YES;
				INFOPLIST_KEY_UIApplicationSupportsIndirectInputEvents = YES;
				INFOPLIST_KEY_UILaunchScreen_Generation = YES;
				INFOPLIST_KEY_UISupportedInterfaceOrientations_iPad = "UIInterfaceOrientationPortrait UIInterfaceOrientationPortraitUpsideDown UIInterfaceOrientationLandscapeLeft UIInterfaceOrientationLandscapeRight";
				INFOPLIST_KEY_UISupportedInterfaceOrientations_iPhone = "UIInterfaceOrientationPortrait UIInterfaceOrientationLandscapeLeft UIInterfaceOrientationLandscapeRight";
				INFOPLIST_KEY_aps_environment = development;
				IPHONEOS_DEPLOYMENT_TARGET = 17.0;
				LD_RUNPATH_SEARCH_PATHS = (
					"$(inherited)",
					"@executable_path/Frameworks",
				);
				MARKETING_VERSION = 1.2.3;
				PRODUCT_BUNDLE_IDENTIFIER = Teniola.Crowd;
				PRODUCT_NAME = "$(TARGET_NAME)";
				STRING_CATALOG_GENERATE_SYMBOLS = YES;
				SWIFT_APPROACHABLE_CONCURRENCY = YES;
				SWIFT_DEFAULT_ACTOR_ISOLATION = MainActor;
				SWIFT_EMIT_LOC_STRINGS = YES;
				SWIFT_UPCOMING_FEATURE_MEMBER_IMPORT_VISIBILITY = YES;
				SWIFT_VERSION = 5.0;
				TARGETED_DEVICE_FAMILY = "1,2";
			};
			name = Debug;
		};
		3549F8612EA49FF000AADFB0 /* Release */ = {
			isa = XCBuildConfiguration;
			buildSettings = {
				ASSETCATALOG_COMPILER_APPICON_NAME = AppIcon;
				ASSETCATALOG_COMPILER_GLOBAL_ACCENT_COLOR_NAME = AccentColor;
				CODE_SIGN_ENTITLEMENTS = Crowd/Crowd.entitlements;
				CODE_SIGN_STYLE = Automatic;
				CURRENT_PROJECT_VERSION = 3;
				DEVELOPMENT_TEAM = 8254DAMG44;
				ENABLE_PREVIEWS = YES;
				GENERATE_INFOPLIST_FILE = YES;
				INFOPLIST_KEY_NSMicrophoneUsageDescription = "Crowd uses the microphone for voice and audio features when you choose to record or speak.";
				INFOPLIST_KEY_NSLocationAlwaysAndWhenInUseUsageDescription = "Crowd needs access to your location to show you nearby events and help you discover what's happening around campus, even when the app is in the background.";
				INFOPLIST_KEY_NSLocationWhenInUseUsageDescription = "Crowd needs access to your location to show you nearby events and help you discover what's happening around campus.";
				INFOPLIST_KEY_UIApplicationSceneManifest_Generation = YES;
				INFOPLIST_KEY_UIApplicationSupportsIndirectInputEvents = YES;
				INFOPLIST_KEY_UILaunchScreen_Generation = YES;
				INFOPLIST_KEY_UISupportedInterfaceOrientations_iPad = "UIInterfaceOrientationPortrait UIInterfaceOrientationPortraitUpsideDown UIInterfaceOrientationLandscapeLeft UIInterfaceOrientationLandscapeRight";
				INFOPLIST_KEY_UISupportedInterfaceOrientations_iPhone = "UIInterfaceOrientationPortrait UIInterfaceOrientationLandscapeLeft UIInterfaceOrientationLandscapeRight";
				INFOPLIST_KEY_aps_environment = development;
				IPHONEOS_DEPLOYMENT_TARGET = 17.0;
				LD_RUNPATH_SEARCH_PATHS = (
					"$(inherited)",
					"@executable_path/Frameworks",
				);
				MARKETING_VERSION = 1.2.3;
				PRODUCT_BUNDLE_IDENTIFIER = Teniola.Crowd;
				PRODUCT_NAME = "$(TARGET_NAME)";
				STRING_CATALOG_GENERATE_SYMBOLS = YES;
				SWIFT_APPROACHABLE_CONCURRENCY = YES;
				SWIFT_DEFAULT_ACTOR_ISOLATION = MainActor;
				SWIFT_EMIT_LOC_STRINGS = YES;
				SWIFT_UPCOMING_FEATURE_MEMBER_IMPORT_VISIBILITY = YES;
				SWIFT_VERSION = 5.0;
				TARGETED_DEVICE_FAMILY = "1,2";
			};
			name = Release;
		};
		3549F8632EA49FF000AADFB0 /* Debug */ = {
			isa = XCBuildConfiguration;
			buildSettings = {
				BUNDLE_LOADER = "$(TEST_HOST)";
				CODE_SIGN_STYLE = Automatic;
				CURRENT_PROJECT_VERSION = 1;
				DEVELOPMENT_TEAM = 8254DAMG44;
				GENERATE_INFOPLIST_FILE = YES;
				IPHONEOS_DEPLOYMENT_TARGET = 26.0;
				MARKETING_VERSION = 1.2;
				PRODUCT_BUNDLE_IDENTIFIER = Teniola.CrowdTests;
				PRODUCT_NAME = "$(TARGET_NAME)";
				STRING_CATALOG_GENERATE_SYMBOLS = NO;
				SWIFT_APPROACHABLE_CONCURRENCY = YES;
				SWIFT_EMIT_LOC_STRINGS = NO;
				SWIFT_UPCOMING_FEATURE_MEMBER_IMPORT_VISIBILITY = YES;
				SWIFT_VERSION = 5.0;
				TARGETED_DEVICE_FAMILY = "1,2";
				TEST_HOST = "$(BUILT_PRODUCTS_DIR)/Crowd.app/$(BUNDLE_EXECUTABLE_FOLDER_PATH)/Crowd";
			};
			name = Debug;
		};
		3549F8642EA49FF000AADFB0 /* Release */ = {
			isa = XCBuildConfiguration;
			buildSettings = {
				BUNDLE_LOADER = "$(TEST_HOST)";
				CODE_SIGN_STYLE = Automatic;
				CURRENT_PROJECT_VERSION = 1;
				DEVELOPMENT_TEAM = 8254DAMG44;
				GENERATE_INFOPLIST_FILE = YES;
				IPHONEOS_DEPLOYMENT_TARGET = 26.0;
				MARKETING_VERSION = 1.2;
				PRODUCT_BUNDLE_IDENTIFIER = Teniola.CrowdTests;
				PRODUCT_NAME = "$(TARGET_NAME)";
				STRING_CATALOG_GENERATE_SYMBOLS = NO;
				SWIFT_APPROACHABLE_CONCURRENCY = YES;
				SWIFT_EMIT_LOC_STRINGS = NO;
				SWIFT_UPCOMING_FEATURE_MEMBER_IMPORT_VISIBILITY = YES;
				SWIFT_VERSION = 5.0;
				TARGETED_DEVICE_FAMILY = "1,2";
				TEST_HOST = "$(BUILT_PRODUCTS_DIR)/Crowd.app/$(BUNDLE_EXECUTABLE_FOLDER_PATH)/Crowd";
			};
			name = Release;
		};
		3549F8662EA49FF000AADFB0 /* Debug */ = {
			isa = XCBuildConfiguration;
			buildSettings = {
				CODE_SIGN_STYLE = Automatic;
				CURRENT_PROJECT_VERSION = 1;
				DEVELOPMENT_TEAM = 8254DAMG44;
				GENERATE_INFOPLIST_FILE = YES;
				MARKETING_VERSION = 1.2;
				PRODUCT_BUNDLE_IDENTIFIER = Teniola.CrowdUITests;
				PRODUCT_NAME = "$(TARGET_NAME)";
				STRING_CATALOG_GENERATE_SYMBOLS = NO;
				SWIFT_APPROACHABLE_CONCURRENCY = YES;
				SWIFT_EMIT_LOC_STRINGS = NO;
				SWIFT_UPCOMING_FEATURE_MEMBER_IMPORT_VISIBILITY = YES;
				SWIFT_VERSION = 5.0;
				TARGETED_DEVICE_FAMILY = "1,2";
				TEST_TARGET_NAME = Crowd;
			};
			name = Debug;
		};
		3549F8672EA49FF000AADFB0 /* Release */ = {
			isa = XCBuildConfiguration;
			buildSettings = {
				CODE_SIGN_STYLE = Automatic;
				CURRENT_PROJECT_VERSION = 1;
				DEVELOPMENT_TEAM = 8254DAMG44;
				GENERATE_INFOPLIST_FILE = YES;
				MARKETING_VERSION = 1.2;
				PRODUCT_BUNDLE_IDENTIFIER = Teniola.CrowdUITests;
				PRODUCT_NAME = "$(TARGET_NAME)";
				STRING_CATALOG_GENERATE_SYMBOLS = NO;
				SWIFT_APPROACHABLE_CONCURRENCY = YES;
				SWIFT_EMIT_LOC_STRINGS = NO;
				SWIFT_UPCOMING_FEATURE_MEMBER_IMPORT_VISIBILITY = YES;
				SWIFT_VERSION = 5.0;
				TARGETED_DEVICE_FAMILY = "1,2";
				TEST_TARGET_NAME = Crowd;
			};
			name = Release;
		};
/* End XCBuildConfiguration section */

/* Begin XCConfigurationList section */
		3510D0D92EADE7F800017CE9 /* Build configuration list for PBXNativeTarget "HeatmapShaders.metal" */ = {
			isa = XCConfigurationList;
			buildConfigurations = (
				3510D0DA2EADE7F800017CE9 /* Debug */,
				3510D0DB2EADE7F800017CE9 /* Release */,
			);
			defaultConfigurationIsVisible = 0;
			defaultConfigurationName = Release;
		};
		3549F8392EA49FED00AADFB0 /* Build configuration list for PBXProject "Crowd" */ = {
			isa = XCConfigurationList;
			buildConfigurations = (
				3549F85D2EA49FF000AADFB0 /* Debug */,
				3549F85E2EA49FF000AADFB0 /* Release */,
			);
			defaultConfigurationIsVisible = 0;
			defaultConfigurationName = Release;
		};
		3549F85F2EA49FF000AADFB0 /* Build configuration list for PBXNativeTarget "Crowd" */ = {
			isa = XCConfigurationList;
			buildConfigurations = (
				3549F8602EA49FF000AADFB0 /* Debug */,
				3549F8612EA49FF000AADFB0 /* Release */,
			);
			defaultConfigurationIsVisible = 0;
			defaultConfigurationName = Release;
		};
		3549F8622EA49FF000AADFB0 /* Build configuration list for PBXNativeTarget "CrowdTests" */ = {
			isa = XCConfigurationList;
			buildConfigurations = (
				3549F8632EA49FF000AADFB0 /* Debug */,
				3549F8642EA49FF000AADFB0 /* Release */,
			);
			defaultConfigurationIsVisible = 0;
			defaultConfigurationName = Release;
		};
		3549F8652EA49FF000AADFB0 /* Build configuration list for PBXNativeTarget "CrowdUITests" */ = {
			isa = XCConfigurationList;
			buildConfigurations = (
				3549F8662EA49FF000AADFB0 /* Debug */,
				3549F8672EA49FF000AADFB0 /* Release */,
			);
			defaultConfigurationIsVisible = 0;
			defaultConfigurationName = Release;
		};
/* End XCConfigurationList section */

/* Begin XCRemoteSwiftPackageReference section */
		3557FDB12F1F6EB40072E889 /* XCRemoteSwiftPackageReference "TenorAPIKit" */ = {
			isa = XCRemoteSwiftPackageReference;
			repositoryURL = "https://github.com/sagarthecoder/TenorAPIKit";
			requirement = {
				kind = upToNextMajorVersion;
				minimumVersion = 1.0.0;
			};
		};
		3569530B2F1DAF70009F8E2F /* XCRemoteSwiftPackageReference "firebase-ios-sdk" */ = {
			isa = XCRemoteSwiftPackageReference;
			repositoryURL = "https://github.com/firebase/firebase-ios-sdk";
			requirement = {
				kind = upToNextMajorVersion;
				minimumVersion = 12.8.0;
			};
		};
		3569532E2F1DAFEC009F8E2F /* XCRemoteSwiftPackageReference "lottie-ios" */ = {
			isa = XCRemoteSwiftPackageReference;
			repositoryURL = "https://github.com/airbnb/lottie-ios";
			requirement = {
				kind = upToNextMajorVersion;
				minimumVersion = 4.6.0;
			};
		};
		35A7C53D2F1DB000009F8E2F /* XCRemoteSwiftPackageReference "Superwall-iOS" */ = {
			isa = XCRemoteSwiftPackageReference;
			repositoryURL = "https://github.com/superwall/Superwall-iOS";
			requirement = {
				kind = upToNextMajorVersion;
				minimumVersion = 4.10.1;
			};
		};
		35B7C53D2F1DB100009F8E2F /* XCRemoteSwiftPackageReference "ComponentsKit" */ = {
			isa = XCRemoteSwiftPackageReference;
			repositoryURL = "https://github.com/componentskit/ComponentsKit";
			requirement = {
				kind = upToNextMajorVersion;
				minimumVersion = 1.5.0;
			};
		};
		35C7C53D2F1DB200009F8E2F /* XCRemoteSwiftPackageReference "SDWebImageSwiftUI" */ = {
			isa = XCRemoteSwiftPackageReference;
			repositoryURL = "https://github.com/SDWebImage/SDWebImageSwiftUI";
			requirement = {
				kind = upToNextMajorVersion;
				minimumVersion = 3.1.4;
			};
		};
/* End XCRemoteSwiftPackageReference section */

/* Begin XCSwiftPackageProductDependency section */
		3557FDB22F1F6EB40072E889 /* TenorAPIKit */ = {
			isa = XCSwiftPackageProductDependency;
			package = 3557FDB12F1F6EB40072E889 /* XCRemoteSwiftPackageReference "TenorAPIKit" */;
			productName = TenorAPIKit;
		};
		3569530C2F1DAF70009F8E2F /* FirebaseAI */ = {
			isa = XCSwiftPackageProductDependency;
			package = 3569530B2F1DAF70009F8E2F /* XCRemoteSwiftPackageReference "firebase-ios-sdk" */;
			productName = FirebaseAI;
		};
		3569530E2F1DAF70009F8E2F /* FirebaseAnalytics */ = {
			isa = XCSwiftPackageProductDependency;
			package = 3569530B2F1DAF70009F8E2F /* XCRemoteSwiftPackageReference "firebase-ios-sdk" */;
			productName = FirebaseAnalytics;
		};
		356953102F1DAF70009F8E2F /* FirebaseAnalyticsCore */ = {
			isa = XCSwiftPackageProductDependency;
			package = 3569530B2F1DAF70009F8E2F /* XCRemoteSwiftPackageReference "firebase-ios-sdk" */;
			productName = FirebaseAnalyticsCore;
		};
		356953122F1DAF70009F8E2F /* FirebaseAnalyticsIdentitySupport */ = {
			isa = XCSwiftPackageProductDependency;
			package = 3569530B2F1DAF70009F8E2F /* XCRemoteSwiftPackageReference "firebase-ios-sdk" */;
			productName = FirebaseAnalyticsIdentitySupport;
		};
		356953142F1DAF70009F8E2F /* FirebaseAppCheck */ = {
			isa = XCSwiftPackageProductDependency;
			package = 3569530B2F1DAF70009F8E2F /* XCRemoteSwiftPackageReference "firebase-ios-sdk" */;
			productName = FirebaseAppCheck;
		};
		356953162F1DAF70009F8E2F /* FirebaseAppDistribution-Beta */ = {
			isa = XCSwiftPackageProductDependency;
			package = 3569530B2F1DAF70009F8E2F /* XCRemoteSwiftPackageReference "firebase-ios-sdk" */;
			productName = "FirebaseAppDistribution-Beta";
		};
		356953182F1DAF70009F8E2F /* FirebaseAuth */ = {
			isa = XCSwiftPackageProductDependency;
			package = 3569530B2F1DAF70009F8E2F /* XCRemoteSwiftPackageReference "firebase-ios-sdk" */;
			productName = FirebaseAuth;
		};
		3569531A2F1DAF70009F8E2F /* FirebaseCore */ = {
			isa = XCSwiftPackageProductDependency;
			package = 3569530B2F1DAF70009F8E2F /* XCRemoteSwiftPackageReference "firebase-ios-sdk" */;
			productName = FirebaseCore;
		};
		3569531C2F1DAF70009F8E2F /* FirebaseDatabase */ = {
			isa = XCSwiftPackageProductDependency;
			package = 3569530B2F1DAF70009F8E2F /* XCRemoteSwiftPackageReference "firebase-ios-sdk" */;
			productName = FirebaseDatabase;
		};
		3569531E2F1DAF70009F8E2F /* FirebaseFirestore */ = {
			isa = XCSwiftPackageProductDependency;
			package = 3569530B2F1DAF70009F8E2F /* XCRemoteSwiftPackageReference "firebase-ios-sdk" */;
			productName = FirebaseFirestore;
		};
		356953202F1DAF70009F8E2F /* FirebaseFunctions */ = {
			isa = XCSwiftPackageProductDependency;
			package = 3569530B2F1DAF70009F8E2F /* XCRemoteSwiftPackageReference "firebase-ios-sdk" */;
			productName = FirebaseFunctions;
		};
		356953222F1DAF70009F8E2F /* FirebaseInAppMessaging-Beta */ = {
			isa = XCSwiftPackageProductDependency;
			package = 3569530B2F1DAF70009F8E2F /* XCRemoteSwiftPackageReference "firebase-ios-sdk" */;
			productName = "FirebaseInAppMessaging-Beta";
		};
		356953242F1DAF70009F8E2F /* FirebaseInstallations */ = {
			isa = XCSwiftPackageProductDependency;
			package = 3569530B2F1DAF70009F8E2F /* XCRemoteSwiftPackageReference "firebase-ios-sdk" */;
			productName = FirebaseInstallations;
		};
		356953262F1DAF70009F8E2F /* FirebaseMessaging */ = {
			isa = XCSwiftPackageProductDependency;
			package = 3569530B2F1DAF70009F8E2F /* XCRemoteSwiftPackageReference "firebase-ios-sdk" */;
			productName = FirebaseMessaging;
		};
		356953282F1DAF70009F8E2F /* FirebasePerformance */ = {
			isa = XCSwiftPackageProductDependency;
			package = 3569530B2F1DAF70009F8E2F /* XCRemoteSwiftPackageReference "firebase-ios-sdk" */;
			productName = FirebasePerformance;
		};
		3569532A2F1DAF70009F8E2F /* FirebaseStorage */ = {
			isa = XCSwiftPackageProductDependency;
			package = 3569530B2F1DAF70009F8E2F /* XCRemoteSwiftPackageReference "firebase-ios-sdk" */;
			productName = FirebaseStorage;
		};
		3569532F2F1DAFEC009F8E2F /* Lottie */ = {
			isa = XCSwiftPackageProductDependency;
			package = 3569532E2F1DAFEC009F8E2F /* XCRemoteSwiftPackageReference "lottie-ios" */;
			productName = Lottie;
		};
		35A7C53E2F1DB000009F8E2F /* SuperwallKit */ = {
			isa = XCSwiftPackageProductDependency;
			package = 35A7C53D2F1DB000009F8E2F /* XCRemoteSwiftPackageReference "Superwall-iOS" */;
			productName = SuperwallKit;
		};
		35B7C53E2F1DB100009F8E2F /* ComponentsKit */ = {
			isa = XCSwiftPackageProductDependency;
			package = 35B7C53D2F1DB100009F8E2F /* XCRemoteSwiftPackageReference "ComponentsKit" */;
			productName = ComponentsKit;
		};
		35C7C53E2F1DB200009F8E2F /* SDWebImageSwiftUI */ = {
			isa = XCSwiftPackageProductDependency;
			package = 35C7C53D2F1DB200009F8E2F /* XCRemoteSwiftPackageReference "SDWebImageSwiftUI" */;
			productName = SDWebImageSwiftUI;
		};
/* End XCSwiftPackageProductDependency section */
	};
	rootObject = 3549F8362EA49FED00AADFB0 /* Project object */;
}
